<?xml version="1.0" encoding="utf-8"?>
<Project ToolsVersion="4.0" xmlns="http://schemas.microsoft.com/developer/msbuild/2003">
  <ItemGroup>
    <Filter Include="Source Files">
      <UniqueIdentifier>{4FC737F1-C7A5-4376-A066-2A32D752A2FF}</UniqueIdentifier>
      <Extensions>cpp;c;cc;cxx;def;odl;idl;hpj;bat;asm;asmx</Extensions>
    </Filter>
    <Filter Include="Header Files">
      <UniqueIdentifier>{93995380-89BD-4b04-88EB-625FBE52EBFB}</UniqueIdentifier>
      <Extensions>h;hh;hpp;hxx;hm;inl;inc;ipp;xsd</Extensions>
    </Filter>
    <Filter Include="Resource Files">
      <UniqueIdentifier>{67DA6AB6-F800-4c08-8B7A-83BB121AAD01}</UniqueIdentifier>
      <Extensions>rc;ico;cur;bmp;dlg;rc2;rct;bin;rgs;gif;jpg;jpeg;jpe;resx;tiff;tif;png;wav;mfcribbon-ms</Extensions>
    </Filter>
  </ItemGroup>
  <ItemGroup>
    <ClCompile Include="Window\Window.cpp">
      <Filter>Source Files</Filter>
    </ClCompile>
    <ClCompile Include="DirectX\RenderingManager.cpp">
      <Filter>Source Files</Filter>
    </ClCompile>
    <ClCompile Include="DirectX12EnginePCH.cpp">
      <Filter>Source Files</Filter>
    </ClCompile>
    <ClCompile Include="DirectX\Render\GeometryPass.cpp">
      <Filter>Source Files</Filter>
    </ClCompile>
    <ClCompile Include="DirectX\Objects\Transform.cpp">
      <Filter>Source Files</Filter>
    </ClCompile>
    <ClCompile Include="DirectX\Objects\Camera.cpp">
      <Filter>Source Files</Filter>
    </ClCompile>
    <ClCompile Include="Window\Input.cpp">
      <Filter>Source Files</Filter>
    </ClCompile>
    <ClCompile Include="Utility\DeltaTime.cpp">
      <Filter>Source Files</Filter>
    </ClCompile>
    <ClCompile Include="DirectX\Objects\Mesh\StaticMesh.cpp">
      <Filter>Source Files</Filter>
    </ClCompile>
    <ClCompile Include="DirectX\Objects\Drawable.cpp">
      <Filter>Source Files</Filter>
    </ClCompile>
    <ClCompile Include="DirectX\Objects\Texture\Texture.cpp">
      <Filter>Source Files</Filter>
    </ClCompile>
    <ClCompile Include="DirectX\Objects\Light\PointLight.cpp">
      <Filter>Source Files</Filter>
    </ClCompile>
    <ClCompile Include="DirectX\Objects\Light\Template\ILight.cpp">
      <Filter>Source Files</Filter>
    </ClCompile>
    <ClCompile Include="DirectX\Render\WrapperFunctions\RenderingHelpClass.cpp">
      <Filter>Source Files</Filter>
    </ClCompile>
    <ClCompile Include="DirectX\Render\WrapperFunctions\X12DepthStencil.cpp">
      <Filter>Source Files</Filter>
    </ClCompile>
    <ClCompile Include="DirectX\Render\WrapperFunctions\X12ConstantBuffer.cpp">
      <Filter>Source Files</Filter>
    </ClCompile>
    <ClCompile Include="DirectX\Render\ShadowPass.cpp">
      <Filter>Source Files</Filter>
    </ClCompile>
    <ClCompile Include="DirectX\Objects\Light\DirectionalLight.cpp">
      <Filter>Source Files</Filter>
    </ClCompile>
    <ClCompile Include="DirectX\Render\WrapperFunctions\X12RenderTargetView.cpp">
      <Filter>Source Files</Filter>
    </ClCompile>
    <ClCompile Include="DirectX\Render\DeferredRender.cpp">
      <Filter>Source Files</Filter>
    </ClCompile>
    <ClCompile Include="DirectX\Render\WrapperFunctions\X12ShaderResourceView.cpp">
      <Filter>Source Files</Filter>
    </ClCompile>
    <ClCompile Include="DirectX\Render\Template\IRender.cpp">
      <Filter>Source Files</Filter>
    </ClCompile>
    <ClCompile Include="Submodule\DirectXTK\Src\WICTextureLoader.cpp">
      <Filter>Source Files</Filter>
    </ClCompile>
    <ClCompile Include="Submodule\DirectXTK\Src\pch.cpp">
      <Filter>Source Files</Filter>
    </ClCompile>
    <ClCompile Include="Submodule\DirectXTK\Src\GraphicsMemory.cpp">
      <Filter>Source Files</Filter>
    </ClCompile>
    <ClCompile Include="Submodule\DirectXTK\Src\ResourceUploadBatch.cpp">
      <Filter>Source Files</Filter>
    </ClCompile>
    <ClCompile Include="Submodule\DirectXTK\Src\LinearAllocator.cpp">
      <Filter>Source Files</Filter>
    </ClCompile>
    <ClCompile Include="Submodule\DirectXTK\Src\DDSTextureLoader.cpp">
      <Filter>Source Files</Filter>
    </ClCompile>
    <ClCompile Include="DirectX\Render\ParticlePass.cpp">
      <Filter>Source Files</Filter>
    </ClCompile>
    <ClCompile Include="DirectX\Objects\ParticleEmitter.cpp">
      <Filter>Source Files</Filter>
    </ClCompile>
    <ClCompile Include="DirectX\Render\SSAOPass.cpp">
      <Filter>Source Files</Filter>
    </ClCompile>
    <ClCompile Include="DirectX\Render\ReflectionPass.cpp">
      <Filter>Source Files</Filter>
    </ClCompile>
    <ClCompile Include="DirectX\Render\WrapperFunctions\X12StructuredBuffer.cpp">
      <Filter>Source Files</Filter>
    </ClCompile>
    <ClCompile Include="X12Fence.cpp">
      <Filter>Source Files</Filter>
    </ClCompile>
  </ItemGroup>
  <ItemGroup>
    <ClInclude Include="Window\Window.h">
      <Filter>Header Files</Filter>
    </ClInclude>
    <ClInclude Include="DirectX\RenderingManager.h">
      <Filter>Header Files</Filter>
    </ClInclude>
    <ClInclude Include="DirectX12Engine.h">
      <Filter>Header Files</Filter>
    </ClInclude>
    <ClInclude Include="DirectX12EnginePCH.h">
      <Filter>Header Files</Filter>
    </ClInclude>
    <ClInclude Include="Submodule\DirectXHelpContent\Libraries\D3DX12\d3dx12.h">
      <Filter>Header Files</Filter>
    </ClInclude>
    <ClInclude Include="DirectX\Shaders\ShaderCreator.h">
      <Filter>Header Files</Filter>
    </ClInclude>
    <ClInclude Include="DirectX\Render\Template\IRender.h">
      <Filter>Header Files</Filter>
    </ClInclude>
    <ClInclude Include="DirectX\Render\GeometryPass.h">
      <Filter>Header Files</Filter>
    </ClInclude>
    <ClInclude Include="DirectX\Objects\Template\IObject.h">
      <Filter>Header Files</Filter>
    </ClInclude>
    <ClInclude Include="DirectX\Objects\Transform.h">
      <Filter>Header Files</Filter>
    </ClInclude>
    <ClInclude Include="DirectX\Objects\Camera.h">
      <Filter>Header Files</Filter>
    </ClInclude>
    <ClInclude Include="Window\Input.h">
      <Filter>Header Files</Filter>
    </ClInclude>
    <ClInclude Include="Utility\DeltaTime.h">
      <Filter>Header Files</Filter>
    </ClInclude>
    <ClInclude Include="DirectX\Objects\Mesh\StaticMesh.h">
      <Filter>Header Files</Filter>
    </ClInclude>
    <ClInclude Include="DirectX\Structs.h">
      <Filter>Header Files</Filter>
    </ClInclude>
    <ClInclude Include="Utility\Operators.h">
      <Filter>Header Files</Filter>
    </ClInclude>
    <ClInclude Include="DirectX\Objects\Drawable.h">
      <Filter>Header Files</Filter>
    </ClInclude>
    <ClInclude Include="DirectX\Objects\Texture\Texture.h">
      <Filter>Header Files</Filter>
    </ClInclude>
    <ClInclude Include="DirectX\Objects\Light\PointLight.h">
      <Filter>Header Files</Filter>
    </ClInclude>
    <ClInclude Include="DirectX\Objects\Light\Template\ILight.h">
      <Filter>Header Files</Filter>
    </ClInclude>
    <ClInclude Include="DirectX\Render\WrapperFunctions\RenderingHelpClass.h">
      <Filter>Header Files</Filter>
    </ClInclude>
    <ClInclude Include="DirectX\Render\WrapperFunctions\X12DepthStencil.h">
      <Filter>Header Files</Filter>
    </ClInclude>
    <ClInclude Include="DirectX\Render\WrapperFunctions\Template\IX12Object.h">
      <Filter>Header Files</Filter>
    </ClInclude>
    <ClInclude Include="DirectX\Render\WrapperFunctions\X12ConstantBuffer.h">
      <Filter>Header Files</Filter>
    </ClInclude>
    <ClInclude Include="DirectX\Render\ShadowPass.h">
      <Filter>Header Files</Filter>
    </ClInclude>
    <ClInclude Include="DirectX\Objects\Light\DirectionalLight.h">
      <Filter>Header Files</Filter>
    </ClInclude>
    <ClInclude Include="DirectX\Render\WrapperFunctions\X12RenderTargetView.h">
      <Filter>Header Files</Filter>
    </ClInclude>
    <ClInclude Include="DirectX\Render\DeferredRender.h">
      <Filter>Header Files</Filter>
    </ClInclude>
    <ClInclude Include="DirectX\Render\WrapperFunctions\X12ShaderResourceView.h">
      <Filter>Header Files</Filter>
    </ClInclude>
    <ClInclude Include="DirectX\Render\WrapperFunctions\Functions\DXGIFunctions.h">
      <Filter>Header Files</Filter>
    </ClInclude>
    <ClInclude Include="DirectX\Render\WrapperFunctions\Functions\Instancing.h">
      <Filter>Header Files</Filter>
    </ClInclude>
    <ClInclude Include="Submodule\DirectXTK\Inc\WICTextureLoader.h">
      <Filter>Header Files</Filter>
    </ClInclude>
    <ClInclude Include="Submodule\DirectXTK\Src\pch.h">
      <Filter>Header Files</Filter>
    </ClInclude>
    <ClInclude Include="Submodule\DirectXTK\Inc\ResourceUploadBatch.h">
      <Filter>Header Files</Filter>
    </ClInclude>
    <ClInclude Include="Submodule\DirectXTK\Inc\GraphicsMemory.h">
      <Filter>Header Files</Filter>
    </ClInclude>
    <ClInclude Include="Submodule\DirectXTK\Src\LinearAllocator.h">
      <Filter>Header Files</Filter>
    </ClInclude>
    <ClInclude Include="Submodule\DirectXTK\Inc\DDSTextureLoader.h">
      <Filter>Header Files</Filter>
    </ClInclude>
    <ClInclude Include="DirectX\Render\ParticlePass.h">
      <Filter>Header Files</Filter>
    </ClInclude>
    <ClInclude Include="DirectX\Objects\ParticleEmitter.h">
      <Filter>Header Files</Filter>
    </ClInclude>
    <ClInclude Include="DirectX\Render\SSAOPass.h">
      <Filter>Header Files</Filter>
    </ClInclude>
    <ClInclude Include="DirectX\Render\ReflectionPass.h">
      <Filter>Header Files</Filter>
    </ClInclude>
    <ClInclude Include="DirectX\Render\WrapperFunctions\X12StructuredBuffer.h">
      <Filter>Header Files</Filter>
    </ClInclude>
    <ClInclude Include="X12Fence.h">
      <Filter>Header Files</Filter>
    </ClInclude>
  </ItemGroup>
  <ItemGroup>
    <FxCompile Include="DirectX\Shaders\GeometryPass\DefaultGeometryVertex.hlsl" />
    <FxCompile Include="DirectX\Shaders\GeometryPass\DefaultGeometryPixel.hlsl" />
    <FxCompile Include="DirectX\Shaders\GeometryPass\DefaultGeometryDomain.hlsl" />
    <FxCompile Include="DirectX\Shaders\GeometryPass\DefaultGeometryHull.hlsl" />
    <FxCompile Include="DirectX\Shaders\ShadowPass\DefaultShadowVertex.hlsl" />
    <FxCompile Include="DirectX\Shaders\DeferredPass\DefaultDeferredVertex.hlsl" />
    <FxCompile Include="DirectX\Shaders\DeferredPass\DefaultDeferredPixel.hlsl" />
    <FxCompile Include="DirectX\Shaders\ShadowPass\DefaultShadowGeometry.hlsl" />
    <FxCompile Include="DirectX\Shaders\ParticlePass\DefaultParticleCompute.hlsl" />
    <FxCompile Include="DirectX\Shaders\GeometryPass\DefaultGeometryParticleVertex.hlsl" />
    <FxCompile Include="DirectX\Shaders\GeometryPass\DefaultGeometryParticlePixel.hlsl" />
    <FxCompile Include="DirectX\Shaders\SSAOPass\DefaultSSAOVertex.hlsl" />
    <FxCompile Include="DirectX\Shaders\SSAOPass\DefaultSSAOPixel.hlsl" />
    <FxCompile Include="DirectX\Shaders\SSAOPass\DefaultSSAOBlurVertex.hlsl" />
    <FxCompile Include="DirectX\Shaders\SSAOPass\DefaultSSAOBlurPixel.hlsl" />
    <FxCompile Include="DirectX\Shaders\ReflectionPass\DefaultReflectionVertex.hlsl" />
    <FxCompile Include="DirectX\Shaders\ReflectionPass\DefaultReflectionPixel.hlsl" />
  </ItemGroup>
  <ItemGroup>
    <None Include="DirectX\Shaders\ShaderIncludes\LightCalculations.hlsli" />
  </ItemGroup>
</Project>