<?xml version="1.0" encoding="utf-8"?>
<Project ToolsVersion="4.0" xmlns="http://schemas.microsoft.com/developer/msbuild/2003">
  <ItemGroup>
    <Filter Include="Source Files">
      <UniqueIdentifier>{4FC737F1-C7A5-4376-A066-2A32D752A2FF}</UniqueIdentifier>
      <Extensions>cpp;c;cc;cxx;def;odl;idl;hpj;bat;asm;asmx</Extensions>
    </Filter>
    <Filter Include="Header Files">
      <UniqueIdentifier>{93995380-89BD-4b04-88EB-625FBE52EBFB}</UniqueIdentifier>
      <Extensions>h;hh;hpp;hxx;hm;inl;inc;ipp;xsd</Extensions>
    </Filter>
    <Filter Include="Resource Files">
      <UniqueIdentifier>{67DA6AB6-F800-4c08-8B7A-83BB121AAD01}</UniqueIdentifier>
      <Extensions>rc;ico;cur;bmp;dlg;rc2;rct;bin;rgs;gif;jpg;jpeg;jpe;resx;tiff;tif;png;wav;mfcribbon-ms</Extensions>
    </Filter>
  </ItemGroup>
  <ItemGroup>
    <ClCompile Include="Window\Window.cpp">
      <Filter>Source Files</Filter>
    </ClCompile>
    <ClCompile Include="DirectX\RenderingManager.cpp">
      <Filter>Source Files</Filter>
    </ClCompile>
    <ClCompile Include="DirectX12EnginePCH.cpp">
      <Filter>Source Files</Filter>
    </ClCompile>
    <ClCompile Include="DirectX\Render\GeometryPass.cpp">
      <Filter>Source Files</Filter>
    </ClCompile>
    <ClCompile Include="DirectX\Objects\Transform.cpp">
      <Filter>Source Files</Filter>
    </ClCompile>
    <ClCompile Include="DirectX\Objects\Camera.cpp">
      <Filter>Source Files</Filter>
    </ClCompile>
    <ClCompile Include="Window\Input.cpp">
      <Filter>Source Files</Filter>
    </ClCompile>
    <ClCompile Include="Utility\DeltaTime.cpp">
      <Filter>Source Files</Filter>
    </ClCompile>
    <ClCompile Include="DirectX\Objects\Mesh\StaticMesh.cpp">
      <Filter>Source Files</Filter>
    </ClCompile>
    <ClCompile Include="DirectX\Objects\Drawable.cpp">
      <Filter>Source Files</Filter>
    </ClCompile>
    <ClCompile Include="Submodule\EASTL\source\allocator_eastl.cpp">
      <Filter>Source Files</Filter>
    </ClCompile>
    <ClCompile Include="Submodule\EASTL\source\assert.cpp">
      <Filter>Source Files</Filter>
    </ClCompile>
    <ClCompile Include="Submodule\EASTL\source\fixed_pool.cpp">
      <Filter>Source Files</Filter>
    </ClCompile>
    <ClCompile Include="Submodule\EASTL\source\hashtable.cpp">
      <Filter>Source Files</Filter>
    </ClCompile>
    <ClCompile Include="Submodule\EASTL\source\intrusive_list.cpp">
      <Filter>Source Files</Filter>
    </ClCompile>
    <ClCompile Include="Submodule\EASTL\source\numeric_limits.cpp">
      <Filter>Source Files</Filter>
    </ClCompile>
    <ClCompile Include="Submodule\EASTL\source\red_black_tree.cpp">
      <Filter>Source Files</Filter>
    </ClCompile>
    <ClCompile Include="Submodule\EASTL\source\string.cpp">
      <Filter>Source Files</Filter>
    </ClCompile>
    <ClCompile Include="Submodule\EASTL\source\thread_support.cpp">
      <Filter>Source Files</Filter>
    </ClCompile>
    <ClCompile Include="Submodule\EASTL\doc\SampleNewAndDelete.cpp">
      <Filter>Source Files</Filter>
    </ClCompile>
    <ClCompile Include="Submodule\Assimp\code\Importer\IFC\IFCBoolean.cpp">
      <Filter>Source Files</Filter>
    </ClCompile>
    <ClCompile Include="Submodule\Assimp\code\Importer\IFC\IFCCurve.cpp">
      <Filter>Source Files</Filter>
    </ClCompile>
    <ClCompile Include="Submodule\Assimp\code\Importer\IFC\IFCGeometry.cpp">
      <Filter>Source Files</Filter>
    </ClCompile>
    <ClCompile Include="Submodule\Assimp\code\Importer\IFC\IFCLoader.cpp">
      <Filter>Source Files</Filter>
    </ClCompile>
    <ClCompile Include="Submodule\Assimp\code\Importer\IFC\IFCMaterial.cpp">
      <Filter>Source Files</Filter>
    </ClCompile>
    <ClCompile Include="Submodule\Assimp\code\Importer\IFC\IFCOpenings.cpp">
      <Filter>Source Files</Filter>
    </ClCompile>
    <ClCompile Include="Submodule\Assimp\code\Importer\IFC\IFCProfile.cpp">
      <Filter>Source Files</Filter>
    </ClCompile>
    <ClCompile Include="Submodule\Assimp\code\Importer\IFC\IFCReaderGen_4.cpp">
      <Filter>Source Files</Filter>
    </ClCompile>
    <ClCompile Include="Submodule\Assimp\code\Importer\IFC\IFCReaderGen1_2x3.cpp">
      <Filter>Source Files</Filter>
    </ClCompile>
    <ClCompile Include="Submodule\Assimp\code\Importer\IFC\IFCReaderGen2_2x3.cpp">
      <Filter>Source Files</Filter>
    </ClCompile>
    <ClCompile Include="Submodule\Assimp\code\Importer\IFC\IFCUtil.cpp">
      <Filter>Source Files</Filter>
    </ClCompile>
    <ClCompile Include="Submodule\Assimp\code\Importer\StepFile\StepFileGen1.cpp">
      <Filter>Source Files</Filter>
    </ClCompile>
    <ClCompile Include="Submodule\Assimp\code\Importer\StepFile\StepFileGen2.cpp">
      <Filter>Source Files</Filter>
    </ClCompile>
    <ClCompile Include="Submodule\Assimp\code\Importer\StepFile\StepFileGen3.cpp">
      <Filter>Source Files</Filter>
    </ClCompile>
    <ClCompile Include="Submodule\Assimp\code\Importer\StepFile\StepFileImporter.cpp">
      <Filter>Source Files</Filter>
    </ClCompile>
    <ClCompile Include="Submodule\Assimp\code\Importer\STEPParser\STEPFileEncoding.cpp">
      <Filter>Source Files</Filter>
    </ClCompile>
    <ClCompile Include="Submodule\Assimp\code\Importer\STEPParser\STEPFileReader.cpp">
      <Filter>Source Files</Filter>
    </ClCompile>
    <ClCompile Include="Submodule\Assimp\code\3DSConverter.cpp">
      <Filter>Source Files</Filter>
    </ClCompile>
    <ClCompile Include="Submodule\Assimp\code\3DSExporter.cpp">
      <Filter>Source Files</Filter>
    </ClCompile>
    <ClCompile Include="Submodule\Assimp\code\3DSLoader.cpp">
      <Filter>Source Files</Filter>
    </ClCompile>
    <ClCompile Include="Submodule\Assimp\code\ACLoader.cpp">
      <Filter>Source Files</Filter>
    </ClCompile>
    <ClCompile Include="Submodule\Assimp\code\AMFImporter.cpp">
      <Filter>Source Files</Filter>
    </ClCompile>
    <ClCompile Include="Submodule\Assimp\code\AMFImporter_Geometry.cpp">
      <Filter>Source Files</Filter>
    </ClCompile>
    <ClCompile Include="Submodule\Assimp\code\AMFImporter_Material.cpp">
      <Filter>Source Files</Filter>
    </ClCompile>
    <ClCompile Include="Submodule\Assimp\code\AMFImporter_Postprocess.cpp">
      <Filter>Source Files</Filter>
    </ClCompile>
    <ClCompile Include="Submodule\Assimp\code\ASELoader.cpp">
      <Filter>Source Files</Filter>
    </ClCompile>
    <ClCompile Include="Submodule\Assimp\code\ASEParser.cpp">
      <Filter>Source Files</Filter>
    </ClCompile>
    <ClCompile Include="Submodule\Assimp\code\AssbinExporter.cpp">
      <Filter>Source Files</Filter>
    </ClCompile>
    <ClCompile Include="Submodule\Assimp\code\AssbinLoader.cpp">
      <Filter>Source Files</Filter>
    </ClCompile>
    <ClCompile Include="Submodule\Assimp\code\Assimp.cpp">
      <Filter>Source Files</Filter>
    </ClCompile>
    <ClCompile Include="Submodule\Assimp\code\AssimpCExport.cpp">
      <Filter>Source Files</Filter>
    </ClCompile>
    <ClCompile Include="Submodule\Assimp\code\AssxmlExporter.cpp">
      <Filter>Source Files</Filter>
    </ClCompile>
    <ClCompile Include="Submodule\Assimp\code\B3DImporter.cpp">
      <Filter>Source Files</Filter>
    </ClCompile>
    <ClCompile Include="Submodule\Assimp\code\BaseImporter.cpp">
      <Filter>Source Files</Filter>
    </ClCompile>
    <ClCompile Include="Submodule\Assimp\code\BaseProcess.cpp">
      <Filter>Source Files</Filter>
    </ClCompile>
    <ClCompile Include="Submodule\Assimp\code\Bitmap.cpp">
      <Filter>Source Files</Filter>
    </ClCompile>
    <ClCompile Include="Submodule\Assimp\code\BlenderBMesh.cpp">
      <Filter>Source Files</Filter>
    </ClCompile>
    <ClCompile Include="Submodule\Assimp\code\BlenderCustomData.cpp">
      <Filter>Source Files</Filter>
    </ClCompile>
    <ClCompile Include="Submodule\Assimp\code\BlenderDNA.cpp">
      <Filter>Source Files</Filter>
    </ClCompile>
    <ClCompile Include="Submodule\Assimp\code\BlenderLoader.cpp">
      <Filter>Source Files</Filter>
    </ClCompile>
    <ClCompile Include="Submodule\Assimp\code\BlenderModifier.cpp">
      <Filter>Source Files</Filter>
    </ClCompile>
    <ClCompile Include="Submodule\Assimp\code\BlenderScene.cpp">
      <Filter>Source Files</Filter>
    </ClCompile>
    <ClCompile Include="Submodule\Assimp\code\BlenderTessellator.cpp">
      <Filter>Source Files</Filter>
    </ClCompile>
    <ClCompile Include="Submodule\Assimp\code\BVHLoader.cpp">
      <Filter>Source Files</Filter>
    </ClCompile>
    <ClCompile Include="Submodule\Assimp\code\C4DImporter.cpp">
      <Filter>Source Files</Filter>
    </ClCompile>
    <ClCompile Include="Submodule\Assimp\code\CalcTangentsProcess.cpp">
      <Filter>Source Files</Filter>
    </ClCompile>
    <ClCompile Include="Submodule\Assimp\code\CInterfaceIOWrapper.cpp">
      <Filter>Source Files</Filter>
    </ClCompile>
    <ClCompile Include="Submodule\Assimp\code\COBLoader.cpp">
      <Filter>Source Files</Filter>
    </ClCompile>
    <ClCompile Include="Submodule\Assimp\code\ColladaExporter.cpp">
      <Filter>Source Files</Filter>
    </ClCompile>
    <ClCompile Include="Submodule\Assimp\code\ColladaLoader.cpp">
      <Filter>Source Files</Filter>
    </ClCompile>
    <ClCompile Include="Submodule\Assimp\code\ColladaParser.cpp">
      <Filter>Source Files</Filter>
    </ClCompile>
    <ClCompile Include="Submodule\Assimp\code\ComputeUVMappingProcess.cpp">
      <Filter>Source Files</Filter>
    </ClCompile>
    <ClCompile Include="Submodule\Assimp\code\ConvertToLHProcess.cpp">
      <Filter>Source Files</Filter>
    </ClCompile>
    <ClCompile Include="Submodule\Assimp\code\CreateAnimMesh.cpp">
      <Filter>Source Files</Filter>
    </ClCompile>
    <ClCompile Include="Submodule\Assimp\code\CSMLoader.cpp">
      <Filter>Source Files</Filter>
    </ClCompile>
    <ClCompile Include="Submodule\Assimp\code\D3MFExporter.cpp">
      <Filter>Source Files</Filter>
    </ClCompile>
    <ClCompile Include="Submodule\Assimp\code\D3MFImporter.cpp">
      <Filter>Source Files</Filter>
    </ClCompile>
    <ClCompile Include="Submodule\Assimp\code\D3MFOpcPackage.cpp">
      <Filter>Source Files</Filter>
    </ClCompile>
    <ClCompile Include="Submodule\Assimp\code\DeboneProcess.cpp">
      <Filter>Source Files</Filter>
    </ClCompile>
    <ClCompile Include="Submodule\Assimp\code\DefaultIOStream.cpp">
      <Filter>Source Files</Filter>
    </ClCompile>
    <ClCompile Include="Submodule\Assimp\code\DefaultIOSystem.cpp">
      <Filter>Source Files</Filter>
    </ClCompile>
    <ClCompile Include="Submodule\Assimp\code\DefaultLogger.cpp">
      <Filter>Source Files</Filter>
    </ClCompile>
    <ClCompile Include="Submodule\Assimp\code\DropFaceNormalsProcess.cpp">
      <Filter>Source Files</Filter>
    </ClCompile>
    <ClCompile Include="Submodule\Assimp\code\DXFLoader.cpp">
      <Filter>Source Files</Filter>
    </ClCompile>
    <ClCompile Include="Submodule\Assimp\code\EmbedTexturesProcess.cpp">
      <Filter>Source Files</Filter>
    </ClCompile>
    <ClCompile Include="Submodule\Assimp\code\Exporter.cpp">
      <Filter>Source Files</Filter>
    </ClCompile>
    <ClCompile Include="Submodule\Assimp\code\FBXAnimation.cpp">
      <Filter>Source Files</Filter>
    </ClCompile>
    <ClCompile Include="Submodule\Assimp\code\FBXBinaryTokenizer.cpp">
      <Filter>Source Files</Filter>
    </ClCompile>
    <ClCompile Include="Submodule\Assimp\code\FBXConverter.cpp">
      <Filter>Source Files</Filter>
    </ClCompile>
    <ClCompile Include="Submodule\Assimp\code\FBXDeformer.cpp">
      <Filter>Source Files</Filter>
    </ClCompile>
    <ClCompile Include="Submodule\Assimp\code\FBXDocument.cpp">
      <Filter>Source Files</Filter>
    </ClCompile>
    <ClCompile Include="Submodule\Assimp\code\FBXDocumentUtil.cpp">
      <Filter>Source Files</Filter>
    </ClCompile>
    <ClCompile Include="Submodule\Assimp\code\FBXExporter.cpp">
      <Filter>Source Files</Filter>
    </ClCompile>
    <ClCompile Include="Submodule\Assimp\code\FBXExportNode.cpp">
      <Filter>Source Files</Filter>
    </ClCompile>
    <ClCompile Include="Submodule\Assimp\code\FBXExportProperty.cpp">
      <Filter>Source Files</Filter>
    </ClCompile>
    <ClCompile Include="Submodule\Assimp\code\FBXImporter.cpp">
      <Filter>Source Files</Filter>
    </ClCompile>
    <ClCompile Include="Submodule\Assimp\code\FBXMaterial.cpp">
      <Filter>Source Files</Filter>
    </ClCompile>
    <ClCompile Include="Submodule\Assimp\code\FBXMeshGeometry.cpp">
      <Filter>Source Files</Filter>
    </ClCompile>
    <ClCompile Include="Submodule\Assimp\code\FBXModel.cpp">
      <Filter>Source Files</Filter>
    </ClCompile>
    <ClCompile Include="Submodule\Assimp\code\FBXNodeAttribute.cpp">
      <Filter>Source Files</Filter>
    </ClCompile>
    <ClCompile Include="Submodule\Assimp\code\FBXParser.cpp">
      <Filter>Source Files</Filter>
    </ClCompile>
    <ClCompile Include="Submodule\Assimp\code\FBXProperties.cpp">
      <Filter>Source Files</Filter>
    </ClCompile>
    <ClCompile Include="Submodule\Assimp\code\FBXTokenizer.cpp">
      <Filter>Source Files</Filter>
    </ClCompile>
    <ClCompile Include="Submodule\Assimp\code\FBXUtil.cpp">
      <Filter>Source Files</Filter>
    </ClCompile>
    <ClCompile Include="Submodule\Assimp\code\FindDegenerates.cpp">
      <Filter>Source Files</Filter>
    </ClCompile>
    <ClCompile Include="Submodule\Assimp\code\FindInstancesProcess.cpp">
      <Filter>Source Files</Filter>
    </ClCompile>
    <ClCompile Include="Submodule\Assimp\code\FindInvalidDataProcess.cpp">
      <Filter>Source Files</Filter>
    </ClCompile>
    <ClCompile Include="Submodule\Assimp\code\FIReader.cpp">
      <Filter>Source Files</Filter>
    </ClCompile>
    <ClCompile Include="Submodule\Assimp\code\FixNormalsStep.cpp">
      <Filter>Source Files</Filter>
    </ClCompile>
    <ClCompile Include="Submodule\Assimp\code\GenFaceNormalsProcess.cpp">
      <Filter>Source Files</Filter>
    </ClCompile>
    <ClCompile Include="Submodule\Assimp\code\GenVertexNormalsProcess.cpp">
      <Filter>Source Files</Filter>
    </ClCompile>
    <ClCompile Include="Submodule\Assimp\code\glTF2Exporter.cpp">
      <Filter>Source Files</Filter>
    </ClCompile>
    <ClCompile Include="Submodule\Assimp\code\glTF2Importer.cpp">
      <Filter>Source Files</Filter>
    </ClCompile>
    <ClCompile Include="Submodule\Assimp\code\glTFExporter.cpp">
      <Filter>Source Files</Filter>
    </ClCompile>
    <ClCompile Include="Submodule\Assimp\code\glTFImporter.cpp">
      <Filter>Source Files</Filter>
    </ClCompile>
    <ClCompile Include="Submodule\Assimp\code\HMPLoader.cpp">
      <Filter>Source Files</Filter>
    </ClCompile>
    <ClCompile Include="Submodule\Assimp\code\Importer.cpp">
      <Filter>Source Files</Filter>
    </ClCompile>
    <ClCompile Include="Submodule\Assimp\code\ImporterRegistry.cpp">
      <Filter>Source Files</Filter>
    </ClCompile>
    <ClCompile Include="Submodule\Assimp\code\ImproveCacheLocality.cpp">
      <Filter>Source Files</Filter>
    </ClCompile>
    <ClCompile Include="Submodule\Assimp\code\IRRLoader.cpp">
      <Filter>Source Files</Filter>
    </ClCompile>
    <ClCompile Include="Submodule\Assimp\code\IRRMeshLoader.cpp">
      <Filter>Source Files</Filter>
    </ClCompile>
    <ClCompile Include="Submodule\Assimp\code\IRRShared.cpp">
      <Filter>Source Files</Filter>
    </ClCompile>
    <ClCompile Include="Submodule\Assimp\code\JoinVerticesProcess.cpp">
      <Filter>Source Files</Filter>
    </ClCompile>
    <ClCompile Include="Submodule\Assimp\code\LimitBoneWeightsProcess.cpp">
      <Filter>Source Files</Filter>
    </ClCompile>
    <ClCompile Include="Submodule\Assimp\code\LWOAnimation.cpp">
      <Filter>Source Files</Filter>
    </ClCompile>
    <ClCompile Include="Submodule\Assimp\code\LWOBLoader.cpp">
      <Filter>Source Files</Filter>
    </ClCompile>
    <ClCompile Include="Submodule\Assimp\code\LWOLoader.cpp">
      <Filter>Source Files</Filter>
    </ClCompile>
    <ClCompile Include="Submodule\Assimp\code\LWOMaterial.cpp">
      <Filter>Source Files</Filter>
    </ClCompile>
    <ClCompile Include="Submodule\Assimp\code\LWSLoader.cpp">
      <Filter>Source Files</Filter>
    </ClCompile>
    <ClCompile Include="Submodule\Assimp\code\MakeVerboseFormat.cpp">
      <Filter>Source Files</Filter>
    </ClCompile>
    <ClCompile Include="Submodule\Assimp\code\MaterialSystem.cpp">
      <Filter>Source Files</Filter>
    </ClCompile>
    <ClCompile Include="Submodule\Assimp\code\MD2Loader.cpp">
      <Filter>Source Files</Filter>
    </ClCompile>
    <ClCompile Include="Submodule\Assimp\code\MD3Loader.cpp">
      <Filter>Source Files</Filter>
    </ClCompile>
    <ClCompile Include="Submodule\Assimp\code\MD5Loader.cpp">
      <Filter>Source Files</Filter>
    </ClCompile>
    <ClCompile Include="Submodule\Assimp\code\MD5Parser.cpp">
      <Filter>Source Files</Filter>
    </ClCompile>
    <ClCompile Include="Submodule\Assimp\code\MDCLoader.cpp">
      <Filter>Source Files</Filter>
    </ClCompile>
    <ClCompile Include="Submodule\Assimp\code\MDLLoader.cpp">
      <Filter>Source Files</Filter>
    </ClCompile>
    <ClCompile Include="Submodule\Assimp\code\MDLMaterialLoader.cpp">
      <Filter>Source Files</Filter>
    </ClCompile>
    <ClCompile Include="Submodule\Assimp\code\MMDImporter.cpp">
      <Filter>Source Files</Filter>
    </ClCompile>
    <ClCompile Include="Submodule\Assimp\code\MMDPmxParser.cpp">
      <Filter>Source Files</Filter>
    </ClCompile>
    <ClCompile Include="Submodule\Assimp\code\MS3DLoader.cpp">
      <Filter>Source Files</Filter>
    </ClCompile>
    <ClCompile Include="Submodule\Assimp\code\NDOLoader.cpp">
      <Filter>Source Files</Filter>
    </ClCompile>
    <ClCompile Include="Submodule\Assimp\code\NFFLoader.cpp">
      <Filter>Source Files</Filter>
    </ClCompile>
    <ClCompile Include="Submodule\Assimp\code\ObjExporter.cpp">
      <Filter>Source Files</Filter>
    </ClCompile>
    <ClCompile Include="Submodule\Assimp\code\ObjFileImporter.cpp">
      <Filter>Source Files</Filter>
    </ClCompile>
    <ClCompile Include="Submodule\Assimp\code\ObjFileMtlImporter.cpp">
      <Filter>Source Files</Filter>
    </ClCompile>
    <ClCompile Include="Submodule\Assimp\code\ObjFileParser.cpp">
      <Filter>Source Files</Filter>
    </ClCompile>
    <ClCompile Include="Submodule\Assimp\code\OFFLoader.cpp">
      <Filter>Source Files</Filter>
    </ClCompile>
    <ClCompile Include="Submodule\Assimp\code\OgreBinarySerializer.cpp">
      <Filter>Source Files</Filter>
    </ClCompile>
    <ClCompile Include="Submodule\Assimp\code\OgreImporter.cpp">
      <Filter>Source Files</Filter>
    </ClCompile>
    <ClCompile Include="Submodule\Assimp\code\OgreMaterial.cpp">
      <Filter>Source Files</Filter>
    </ClCompile>
    <ClCompile Include="Submodule\Assimp\code\OgreStructs.cpp">
      <Filter>Source Files</Filter>
    </ClCompile>
    <ClCompile Include="Submodule\Assimp\code\OgreXmlSerializer.cpp">
      <Filter>Source Files</Filter>
    </ClCompile>
    <ClCompile Include="Submodule\Assimp\code\OpenGEXExporter.cpp">
      <Filter>Source Files</Filter>
    </ClCompile>
    <ClCompile Include="Submodule\Assimp\code\OpenGEXImporter.cpp">
      <Filter>Source Files</Filter>
    </ClCompile>
    <ClCompile Include="Submodule\Assimp\code\OptimizeGraph.cpp">
      <Filter>Source Files</Filter>
    </ClCompile>
    <ClCompile Include="Submodule\Assimp\code\OptimizeMeshes.cpp">
      <Filter>Source Files</Filter>
    </ClCompile>
    <ClCompile Include="Submodule\Assimp\code\PlyExporter.cpp">
      <Filter>Source Files</Filter>
    </ClCompile>
    <ClCompile Include="Submodule\Assimp\code\PlyLoader.cpp">
      <Filter>Source Files</Filter>
    </ClCompile>
    <ClCompile Include="Submodule\Assimp\code\PlyParser.cpp">
      <Filter>Source Files</Filter>
    </ClCompile>
    <ClCompile Include="Submodule\Assimp\code\PostStepRegistry.cpp">
      <Filter>Source Files</Filter>
    </ClCompile>
    <ClCompile Include="Submodule\Assimp\code\PretransformVertices.cpp">
      <Filter>Source Files</Filter>
    </ClCompile>
    <ClCompile Include="Submodule\Assimp\code\ProcessHelper.cpp">
      <Filter>Source Files</Filter>
    </ClCompile>
    <ClCompile Include="Submodule\Assimp\code\Q3BSPFileImporter.cpp">
      <Filter>Source Files</Filter>
    </ClCompile>
    <ClCompile Include="Submodule\Assimp\code\Q3BSPFileParser.cpp">
      <Filter>Source Files</Filter>
    </ClCompile>
    <ClCompile Include="Submodule\Assimp\code\Q3BSPZipArchive.cpp">
      <Filter>Source Files</Filter>
    </ClCompile>
    <ClCompile Include="Submodule\Assimp\code\Q3DLoader.cpp">
      <Filter>Source Files</Filter>
    </ClCompile>
    <ClCompile Include="Submodule\Assimp\code\RawLoader.cpp">
      <Filter>Source Files</Filter>
    </ClCompile>
    <ClCompile Include="Submodule\Assimp\code\RemoveComments.cpp">
      <Filter>Source Files</Filter>
    </ClCompile>
    <ClCompile Include="Submodule\Assimp\code\RemoveRedundantMaterials.cpp">
      <Filter>Source Files</Filter>
    </ClCompile>
    <ClCompile Include="Submodule\Assimp\code\RemoveVCProcess.cpp">
      <Filter>Source Files</Filter>
    </ClCompile>
    <ClCompile Include="Submodule\Assimp\code\ScaleProcess.cpp">
      <Filter>Source Files</Filter>
    </ClCompile>
    <ClCompile Include="Submodule\Assimp\code\scene.cpp">
      <Filter>Source Files</Filter>
    </ClCompile>
    <ClCompile Include="Submodule\Assimp\code\SceneCombiner.cpp">
      <Filter>Source Files</Filter>
    </ClCompile>
    <ClCompile Include="Submodule\Assimp\code\ScenePreprocessor.cpp">
      <Filter>Source Files</Filter>
    </ClCompile>
    <ClCompile Include="Submodule\Assimp\code\SGSpatialSort.cpp">
      <Filter>Source Files</Filter>
    </ClCompile>
    <ClCompile Include="Submodule\Assimp\code\SIBImporter.cpp">
      <Filter>Source Files</Filter>
    </ClCompile>
    <ClCompile Include="Submodule\Assimp\code\simd.cpp">
      <Filter>Source Files</Filter>
    </ClCompile>
    <ClCompile Include="Submodule\Assimp\code\SkeletonMeshBuilder.cpp">
      <Filter>Source Files</Filter>
    </ClCompile>
    <ClCompile Include="Submodule\Assimp\code\SMDLoader.cpp">
      <Filter>Source Files</Filter>
    </ClCompile>
    <ClCompile Include="Submodule\Assimp\code\SortByPTypeProcess.cpp">
      <Filter>Source Files</Filter>
    </ClCompile>
    <ClCompile Include="Submodule\Assimp\code\SpatialSort.cpp">
      <Filter>Source Files</Filter>
    </ClCompile>
    <ClCompile Include="Submodule\Assimp\code\SplitByBoneCountProcess.cpp">
      <Filter>Source Files</Filter>
    </ClCompile>
    <ClCompile Include="Submodule\Assimp\code\SplitLargeMeshes.cpp">
      <Filter>Source Files</Filter>
    </ClCompile>
    <ClCompile Include="Submodule\Assimp\code\StandardShapes.cpp">
      <Filter>Source Files</Filter>
    </ClCompile>
    <ClCompile Include="Submodule\Assimp\code\StepExporter.cpp">
      <Filter>Source Files</Filter>
    </ClCompile>
    <ClCompile Include="Submodule\Assimp\code\STLExporter.cpp">
      <Filter>Source Files</Filter>
    </ClCompile>
    <ClCompile Include="Submodule\Assimp\code\STLLoader.cpp">
      <Filter>Source Files</Filter>
    </ClCompile>
    <ClCompile Include="Submodule\Assimp\code\Subdivision.cpp">
      <Filter>Source Files</Filter>
    </ClCompile>
    <ClCompile Include="Submodule\Assimp\code\TargetAnimation.cpp">
      <Filter>Source Files</Filter>
    </ClCompile>
    <ClCompile Include="Submodule\Assimp\code\TerragenLoader.cpp">
      <Filter>Source Files</Filter>
    </ClCompile>
    <ClCompile Include="Submodule\Assimp\code\TextureTransform.cpp">
      <Filter>Source Files</Filter>
    </ClCompile>
    <ClCompile Include="Submodule\Assimp\code\TriangulateProcess.cpp">
      <Filter>Source Files</Filter>
    </ClCompile>
    <ClCompile Include="Submodule\Assimp\code\UnrealLoader.cpp">
      <Filter>Source Files</Filter>
    </ClCompile>
    <ClCompile Include="Submodule\Assimp\code\ValidateDataStructure.cpp">
      <Filter>Source Files</Filter>
    </ClCompile>
    <ClCompile Include="Submodule\Assimp\code\Version.cpp">
      <Filter>Source Files</Filter>
    </ClCompile>
    <ClCompile Include="Submodule\Assimp\code\VertexTriangleAdjacency.cpp">
      <Filter>Source Files</Filter>
    </ClCompile>
    <ClCompile Include="Submodule\Assimp\code\X3DExporter.cpp">
      <Filter>Source Files</Filter>
    </ClCompile>
    <ClCompile Include="Submodule\Assimp\code\X3DImporter.cpp">
      <Filter>Source Files</Filter>
    </ClCompile>
    <ClCompile Include="Submodule\Assimp\code\X3DImporter_Geometry2D.cpp">
      <Filter>Source Files</Filter>
    </ClCompile>
    <ClCompile Include="Submodule\Assimp\code\X3DImporter_Geometry3D.cpp">
      <Filter>Source Files</Filter>
    </ClCompile>
    <ClCompile Include="Submodule\Assimp\code\X3DImporter_Group.cpp">
      <Filter>Source Files</Filter>
    </ClCompile>
    <ClCompile Include="Submodule\Assimp\code\X3DImporter_Light.cpp">
      <Filter>Source Files</Filter>
    </ClCompile>
    <ClCompile Include="Submodule\Assimp\code\X3DImporter_Metadata.cpp">
      <Filter>Source Files</Filter>
    </ClCompile>
    <ClCompile Include="Submodule\Assimp\code\X3DImporter_Networking.cpp">
      <Filter>Source Files</Filter>
    </ClCompile>
    <ClCompile Include="Submodule\Assimp\code\X3DImporter_Postprocess.cpp">
      <Filter>Source Files</Filter>
    </ClCompile>
    <ClCompile Include="Submodule\Assimp\code\X3DImporter_Rendering.cpp">
      <Filter>Source Files</Filter>
    </ClCompile>
    <ClCompile Include="Submodule\Assimp\code\X3DImporter_Shape.cpp">
      <Filter>Source Files</Filter>
    </ClCompile>
    <ClCompile Include="Submodule\Assimp\code\X3DImporter_Texturing.cpp">
      <Filter>Source Files</Filter>
    </ClCompile>
    <ClCompile Include="Submodule\Assimp\code\X3DVocabulary.cpp">
      <Filter>Source Files</Filter>
    </ClCompile>
    <ClCompile Include="Submodule\Assimp\code\XFileExporter.cpp">
      <Filter>Source Files</Filter>
    </ClCompile>
    <ClCompile Include="Submodule\Assimp\code\XFileImporter.cpp">
      <Filter>Source Files</Filter>
    </ClCompile>
    <ClCompile Include="Submodule\Assimp\code\XFileParser.cpp">
      <Filter>Source Files</Filter>
    </ClCompile>
    <ClCompile Include="Submodule\Assimp\code\XGLLoader.cpp">
      <Filter>Source Files</Filter>
    </ClCompile>
  </ItemGroup>
  <ItemGroup>
    <ClInclude Include="Window\Window.h">
      <Filter>Header Files</Filter>
    </ClInclude>
    <ClInclude Include="DirectX\RenderingManager.h">
      <Filter>Header Files</Filter>
    </ClInclude>
    <ClInclude Include="DirectX12Engine.h">
      <Filter>Header Files</Filter>
    </ClInclude>
    <ClInclude Include="DirectX12EnginePCH.h">
      <Filter>Header Files</Filter>
    </ClInclude>
    <ClInclude Include="Submodule\DirectXHelpContent\Libraries\D3DX12\d3dx12.h">
      <Filter>Header Files</Filter>
    </ClInclude>
    <ClInclude Include="DirectX\Shaders\ShaderCreator.h">
      <Filter>Header Files</Filter>
    </ClInclude>
    <ClInclude Include="DirectX\Render\Template\IRender.h">
      <Filter>Header Files</Filter>
    </ClInclude>
    <ClInclude Include="DirectX\Render\GeometryPass.h">
      <Filter>Header Files</Filter>
    </ClInclude>
    <ClInclude Include="DirectX\Objects\Template\IObject.h">
      <Filter>Header Files</Filter>
    </ClInclude>
    <ClInclude Include="DirectX\Objects\Transform.h">
      <Filter>Header Files</Filter>
    </ClInclude>
    <ClInclude Include="DirectX\Objects\Camera.h">
      <Filter>Header Files</Filter>
    </ClInclude>
    <ClInclude Include="Window\Input.h">
      <Filter>Header Files</Filter>
    </ClInclude>
    <ClInclude Include="Utility\DeltaTime.h">
      <Filter>Header Files</Filter>
    </ClInclude>
    <ClInclude Include="Submodule\Assimp\include\assimp\Compiler\poppack1.h">
      <Filter>Header Files</Filter>
    </ClInclude>
    <ClInclude Include="Submodule\Assimp\include\assimp\Compiler\pstdint.h">
      <Filter>Header Files</Filter>
    </ClInclude>
    <ClInclude Include="Submodule\Assimp\include\assimp\Compiler\pushpack1.h">
      <Filter>Header Files</Filter>
    </ClInclude>
    <ClInclude Include="Submodule\Assimp\include\assimp\port\AndroidJNI\AndroidJNIIOSystem.h">
      <Filter>Header Files</Filter>
    </ClInclude>
    <ClInclude Include="Submodule\Assimp\include\assimp\ai_assert.h">
      <Filter>Header Files</Filter>
    </ClInclude>
    <ClInclude Include="Submodule\Assimp\include\assimp\anim.h">
      <Filter>Header Files</Filter>
    </ClInclude>
    <ClInclude Include="Submodule\Assimp\include\assimp\BaseImporter.h">
      <Filter>Header Files</Filter>
    </ClInclude>
    <ClInclude Include="Submodule\Assimp\include\assimp\Bitmap.h">
      <Filter>Header Files</Filter>
    </ClInclude>
    <ClInclude Include="Submodule\Assimp\include\assimp\BlobIOSystem.h">
      <Filter>Header Files</Filter>
    </ClInclude>
    <ClInclude Include="Submodule\Assimp\include\assimp\ByteSwapper.h">
      <Filter>Header Files</Filter>
    </ClInclude>
    <ClInclude Include="Submodule\Assimp\include\assimp\camera.h">
      <Filter>Header Files</Filter>
    </ClInclude>
    <ClInclude Include="Submodule\Assimp\include\assimp\cexport.h">
      <Filter>Header Files</Filter>
    </ClInclude>
    <ClInclude Include="Submodule\Assimp\include\assimp\cfileio.h">
      <Filter>Header Files</Filter>
    </ClInclude>
    <ClInclude Include="Submodule\Assimp\include\assimp\cimport.h">
      <Filter>Header Files</Filter>
    </ClInclude>
    <ClInclude Include="Submodule\Assimp\include\assimp\color4.h">
      <Filter>Header Files</Filter>
    </ClInclude>
    <ClInclude Include="Submodule\Assimp\include\assimp\CreateAnimMesh.h">
      <Filter>Header Files</Filter>
    </ClInclude>
    <ClInclude Include="Submodule\Assimp\include\assimp\DefaultIOStream.h">
      <Filter>Header Files</Filter>
    </ClInclude>
    <ClInclude Include="Submodule\Assimp\include\assimp\DefaultIOSystem.h">
      <Filter>Header Files</Filter>
    </ClInclude>
    <ClInclude Include="Submodule\Assimp\include\assimp\DefaultLogger.hpp">
      <Filter>Header Files</Filter>
    </ClInclude>
    <ClInclude Include="Submodule\Assimp\include\assimp\Defines.h">
      <Filter>Header Files</Filter>
    </ClInclude>
    <ClInclude Include="Submodule\Assimp\include\assimp\defs.h">
      <Filter>Header Files</Filter>
    </ClInclude>
    <ClInclude Include="Submodule\Assimp\include\assimp\Exceptional.h">
      <Filter>Header Files</Filter>
    </ClInclude>
    <ClInclude Include="Submodule\Assimp\include\assimp\Exporter.hpp">
      <Filter>Header Files</Filter>
    </ClInclude>
    <ClInclude Include="Submodule\Assimp\include\assimp\fast_atof.h">
      <Filter>Header Files</Filter>
    </ClInclude>
    <ClInclude Include="Submodule\Assimp\include\assimp\GenericProperty.h">
      <Filter>Header Files</Filter>
    </ClInclude>
    <ClInclude Include="Submodule\Assimp\include\assimp\Hash.h">
      <Filter>Header Files</Filter>
    </ClInclude>
    <ClInclude Include="Submodule\Assimp\include\assimp\Importer.hpp">
      <Filter>Header Files</Filter>
    </ClInclude>
    <ClInclude Include="Submodule\Assimp\include\assimp\importerdesc.h">
      <Filter>Header Files</Filter>
    </ClInclude>
    <ClInclude Include="Submodule\Assimp\include\assimp\IOStream.hpp">
      <Filter>Header Files</Filter>
    </ClInclude>
    <ClInclude Include="Submodule\Assimp\include\assimp\IOStreamBuffer.h">
      <Filter>Header Files</Filter>
    </ClInclude>
    <ClInclude Include="Submodule\Assimp\include\assimp\IOSystem.hpp">
      <Filter>Header Files</Filter>
    </ClInclude>
    <ClInclude Include="Submodule\Assimp\include\assimp\irrXMLWrapper.h">
      <Filter>Header Files</Filter>
    </ClInclude>
    <ClInclude Include="Submodule\Assimp\include\assimp\light.h">
      <Filter>Header Files</Filter>
    </ClInclude>
    <ClInclude Include="Submodule\Assimp\include\assimp\LineSplitter.h">
      <Filter>Header Files</Filter>
    </ClInclude>
    <ClInclude Include="Submodule\Assimp\include\assimp\LogAux.h">
      <Filter>Header Files</Filter>
    </ClInclude>
    <ClInclude Include="Submodule\Assimp\include\assimp\Logger.hpp">
      <Filter>Header Files</Filter>
    </ClInclude>
    <ClInclude Include="Submodule\Assimp\include\assimp\LogStream.hpp">
      <Filter>Header Files</Filter>
    </ClInclude>
    <ClInclude Include="Submodule\Assimp\include\assimp\Macros.h">
      <Filter>Header Files</Filter>
    </ClInclude>
    <ClInclude Include="Submodule\Assimp\include\assimp\material.h">
      <Filter>Header Files</Filter>
    </ClInclude>
    <ClInclude Include="Submodule\Assimp\include\assimp\MathFunctions.h">
      <Filter>Header Files</Filter>
    </ClInclude>
    <ClInclude Include="Submodule\Assimp\include\assimp\matrix3x3.h">
      <Filter>Header Files</Filter>
    </ClInclude>
    <ClInclude Include="Submodule\Assimp\include\assimp\matrix4x4.h">
      <Filter>Header Files</Filter>
    </ClInclude>
    <ClInclude Include="Submodule\Assimp\include\assimp\MemoryIOWrapper.h">
      <Filter>Header Files</Filter>
    </ClInclude>
    <ClInclude Include="Submodule\Assimp\include\assimp\mesh.h">
      <Filter>Header Files</Filter>
    </ClInclude>
    <ClInclude Include="Submodule\Assimp\include\assimp\metadata.h">
      <Filter>Header Files</Filter>
    </ClInclude>
    <ClInclude Include="Submodule\Assimp\include\assimp\NullLogger.hpp">
      <Filter>Header Files</Filter>
    </ClInclude>
    <ClInclude Include="Submodule\Assimp\include\assimp\ParsingUtils.h">
      <Filter>Header Files</Filter>
    </ClInclude>
    <ClInclude Include="Submodule\Assimp\include\assimp\pbrmaterial.h">
      <Filter>Header Files</Filter>
    </ClInclude>
    <ClInclude Include="Submodule\Assimp\include\assimp\postprocess.h">
      <Filter>Header Files</Filter>
    </ClInclude>
    <ClInclude Include="Submodule\Assimp\include\assimp\Profiler.h">
      <Filter>Header Files</Filter>
    </ClInclude>
    <ClInclude Include="Submodule\Assimp\include\assimp\ProgressHandler.hpp">
      <Filter>Header Files</Filter>
    </ClInclude>
    <ClInclude Include="Submodule\Assimp\include\assimp\qnan.h">
      <Filter>Header Files</Filter>
    </ClInclude>
    <ClInclude Include="Submodule\Assimp\include\assimp\quaternion.h">
      <Filter>Header Files</Filter>
    </ClInclude>
    <ClInclude Include="Submodule\Assimp\include\assimp\RemoveComments.h">
      <Filter>Header Files</Filter>
    </ClInclude>
    <ClInclude Include="Submodule\Assimp\include\assimp\scene.h">
      <Filter>Header Files</Filter>
    </ClInclude>
    <ClInclude Include="Submodule\Assimp\include\assimp\SceneCombiner.h">
      <Filter>Header Files</Filter>
    </ClInclude>
    <ClInclude Include="Submodule\Assimp\include\assimp\SGSpatialSort.h">
      <Filter>Header Files</Filter>
    </ClInclude>
    <ClInclude Include="Submodule\Assimp\include\assimp\SkeletonMeshBuilder.h">
      <Filter>Header Files</Filter>
    </ClInclude>
    <ClInclude Include="Submodule\Assimp\include\assimp\SmoothingGroups.h">
      <Filter>Header Files</Filter>
    </ClInclude>
    <ClInclude Include="Submodule\Assimp\include\assimp\SpatialSort.h">
      <Filter>Header Files</Filter>
    </ClInclude>
    <ClInclude Include="Submodule\Assimp\include\assimp\StandardShapes.h">
      <Filter>Header Files</Filter>
    </ClInclude>
    <ClInclude Include="Submodule\Assimp\include\assimp\StreamReader.h">
      <Filter>Header Files</Filter>
    </ClInclude>
    <ClInclude Include="Submodule\Assimp\include\assimp\StreamWriter.h">
      <Filter>Header Files</Filter>
    </ClInclude>
    <ClInclude Include="Submodule\Assimp\include\assimp\StringComparison.h">
      <Filter>Header Files</Filter>
    </ClInclude>
    <ClInclude Include="Submodule\Assimp\include\assimp\StringUtils.h">
      <Filter>Header Files</Filter>
    </ClInclude>
    <ClInclude Include="Submodule\Assimp\include\assimp\Subdivision.h">
      <Filter>Header Files</Filter>
    </ClInclude>
    <ClInclude Include="Submodule\Assimp\include\assimp\texture.h">
      <Filter>Header Files</Filter>
    </ClInclude>
    <ClInclude Include="Submodule\Assimp\include\assimp\TinyFormatter.h">
      <Filter>Header Files</Filter>
    </ClInclude>
    <ClInclude Include="Submodule\Assimp\include\assimp\types.h">
      <Filter>Header Files</Filter>
    </ClInclude>
    <ClInclude Include="Submodule\Assimp\include\assimp\vector2.h">
      <Filter>Header Files</Filter>
    </ClInclude>
    <ClInclude Include="Submodule\Assimp\include\assimp\vector3.h">
      <Filter>Header Files</Filter>
    </ClInclude>
    <ClInclude Include="Submodule\Assimp\include\assimp\version.h">
      <Filter>Header Files</Filter>
    </ClInclude>
    <ClInclude Include="Submodule\Assimp\include\assimp\Vertex.h">
      <Filter>Header Files</Filter>
    </ClInclude>
    <ClInclude Include="Submodule\Assimp\include\assimp\XMLTools.h">
      <Filter>Header Files</Filter>
    </ClInclude>
    <ClInclude Include="DirectX\Objects\Mesh\StaticMesh.h">
      <Filter>Header Files</Filter>
    </ClInclude>
    <ClInclude Include="DirectX\Structs.h">
      <Filter>Header Files</Filter>
    </ClInclude>
    <ClInclude Include="Submodule\EASTL\include\EASTL\bonus\adaptors.h">
      <Filter>Header Files</Filter>
    </ClInclude>
    <ClInclude Include="Submodule\EASTL\include\EASTL\bonus\call_traits.h">
      <Filter>Header Files</Filter>
    </ClInclude>
    <ClInclude Include="Submodule\EASTL\include\EASTL\bonus\compressed_pair.h">
      <Filter>Header Files</Filter>
    </ClInclude>
    <ClInclude Include="Submodule\EASTL\include\EASTL\bonus\fixed_ring_buffer.h">
      <Filter>Header Files</Filter>
    </ClInclude>
    <ClInclude Include="Submodule\EASTL\include\EASTL\bonus\fixed_tuple_vector.h">
      <Filter>Header Files</Filter>
    </ClInclude>
    <ClInclude Include="Submodule\EASTL\include\EASTL\bonus\intrusive_sdlist.h">
      <Filter>Header Files</Filter>
    </ClInclude>
    <ClInclude Include="Submodule\EASTL\include\EASTL\bonus\intrusive_slist.h">
      <Filter>Header Files</Filter>
    </ClInclude>
    <ClInclude Include="Submodule\EASTL\include\EASTL\bonus\list_map.h">
      <Filter>Header Files</Filter>
    </ClInclude>
    <ClInclude Include="Submodule\EASTL\include\EASTL\bonus\ring_buffer.h">
      <Filter>Header Files</Filter>
    </ClInclude>
    <ClInclude Include="Submodule\EASTL\include\EASTL\bonus\sort_extra.h">
      <Filter>Header Files</Filter>
    </ClInclude>
    <ClInclude Include="Submodule\EASTL\include\EASTL\bonus\sparse_matrix.h">
      <Filter>Header Files</Filter>
    </ClInclude>
    <ClInclude Include="Submodule\EASTL\include\EASTL\bonus\tuple_vector.h">
      <Filter>Header Files</Filter>
    </ClInclude>
    <ClInclude Include="Submodule\EASTL\include\EASTL\internal\allocator_traits.h">
      <Filter>Header Files</Filter>
    </ClInclude>
    <ClInclude Include="Submodule\EASTL\include\EASTL\internal\allocator_traits_fwd_decls.h">
      <Filter>Header Files</Filter>
    </ClInclude>
    <ClInclude Include="Submodule\EASTL\include\EASTL\internal\char_traits.h">
      <Filter>Header Files</Filter>
    </ClInclude>
    <ClInclude Include="Submodule\EASTL\include\EASTL\internal\config.h">
      <Filter>Header Files</Filter>
    </ClInclude>
    <ClInclude Include="Submodule\EASTL\include\EASTL\internal\copy_help.h">
      <Filter>Header Files</Filter>
    </ClInclude>
    <ClInclude Include="Submodule\EASTL\include\EASTL\internal\enable_shared.h">
      <Filter>Header Files</Filter>
    </ClInclude>
    <ClInclude Include="Submodule\EASTL\include\EASTL\internal\fill_help.h">
      <Filter>Header Files</Filter>
    </ClInclude>
    <ClInclude Include="Submodule\EASTL\include\EASTL\internal\fixed_pool.h">
      <Filter>Header Files</Filter>
    </ClInclude>
    <ClInclude Include="Submodule\EASTL\include\EASTL\internal\function.h">
      <Filter>Header Files</Filter>
    </ClInclude>
    <ClInclude Include="Submodule\EASTL\include\EASTL\internal\function_detail.h">
      <Filter>Header Files</Filter>
    </ClInclude>
    <ClInclude Include="Submodule\EASTL\include\EASTL\internal\function_help.h">
      <Filter>Header Files</Filter>
    </ClInclude>
    <ClInclude Include="Submodule\EASTL\include\EASTL\internal\functional_base.h">
      <Filter>Header Files</Filter>
    </ClInclude>
    <ClInclude Include="Submodule\EASTL\include\EASTL\internal\generic_iterator.h">
      <Filter>Header Files</Filter>
    </ClInclude>
    <ClInclude Include="Submodule\EASTL\include\EASTL\internal\hashtable.h">
      <Filter>Header Files</Filter>
    </ClInclude>
    <ClInclude Include="Submodule\EASTL\include\EASTL\internal\in_place_t.h">
      <Filter>Header Files</Filter>
    </ClInclude>
    <ClInclude Include="Submodule\EASTL\include\EASTL\internal\integer_sequence.h">
      <Filter>Header Files</Filter>
    </ClInclude>
    <ClInclude Include="Submodule\EASTL\include\EASTL\internal\intrusive_hashtable.h">
      <Filter>Header Files</Filter>
    </ClInclude>
    <ClInclude Include="Submodule\EASTL\include\EASTL\internal\mem_fn.h">
      <Filter>Header Files</Filter>
    </ClInclude>
    <ClInclude Include="Submodule\EASTL\include\EASTL\internal\memory_base.h">
      <Filter>Header Files</Filter>
    </ClInclude>
    <ClInclude Include="Submodule\EASTL\include\EASTL\internal\meta.h">
      <Filter>Header Files</Filter>
    </ClInclude>
    <ClInclude Include="Submodule\EASTL\include\EASTL\internal\move_help.h">
      <Filter>Header Files</Filter>
    </ClInclude>
    <ClInclude Include="Submodule\EASTL\include\EASTL\internal\pair_fwd_decls.h">
      <Filter>Header Files</Filter>
    </ClInclude>
    <ClInclude Include="Submodule\EASTL\include\EASTL\internal\piecewise_construct_t.h">
      <Filter>Header Files</Filter>
    </ClInclude>
    <ClInclude Include="Submodule\EASTL\include\EASTL\internal\red_black_tree.h">
      <Filter>Header Files</Filter>
    </ClInclude>
    <ClInclude Include="Submodule\EASTL\include\EASTL\internal\smart_ptr.h">
      <Filter>Header Files</Filter>
    </ClInclude>
    <ClInclude Include="Submodule\EASTL\include\EASTL\internal\thread_support.h">
      <Filter>Header Files</Filter>
    </ClInclude>
    <ClInclude Include="Submodule\EASTL\include\EASTL\internal\tuple_fwd_decls.h">
      <Filter>Header Files</Filter>
    </ClInclude>
    <ClInclude Include="Submodule\EASTL\include\EASTL\internal\type_compound.h">
      <Filter>Header Files</Filter>
    </ClInclude>
    <ClInclude Include="Submodule\EASTL\include\EASTL\internal\type_fundamental.h">
      <Filter>Header Files</Filter>
    </ClInclude>
    <ClInclude Include="Submodule\EASTL\include\EASTL\internal\type_pod.h">
      <Filter>Header Files</Filter>
    </ClInclude>
    <ClInclude Include="Submodule\EASTL\include\EASTL\internal\type_properties.h">
      <Filter>Header Files</Filter>
    </ClInclude>
    <ClInclude Include="Submodule\EASTL\include\EASTL\internal\type_transformations.h">
      <Filter>Header Files</Filter>
    </ClInclude>
    <ClInclude Include="Submodule\EASTL\include\EASTL\algorithm.h">
      <Filter>Header Files</Filter>
    </ClInclude>
    <ClInclude Include="Submodule\EASTL\include\EASTL\allocator.h">
      <Filter>Header Files</Filter>
    </ClInclude>
    <ClInclude Include="Submodule\EASTL\include\EASTL\allocator_malloc.h">
      <Filter>Header Files</Filter>
    </ClInclude>
    <ClInclude Include="Submodule\EASTL\include\EASTL\any.h">
      <Filter>Header Files</Filter>
    </ClInclude>
    <ClInclude Include="Submodule\EASTL\include\EASTL\array.h">
      <Filter>Header Files</Filter>
    </ClInclude>
    <ClInclude Include="Submodule\EASTL\include\EASTL\bitset.h">
      <Filter>Header Files</Filter>
    </ClInclude>
    <ClInclude Include="Submodule\EASTL\include\EASTL\bitvector.h">
      <Filter>Header Files</Filter>
    </ClInclude>
    <ClInclude Include="Submodule\EASTL\include\EASTL\chrono.h">
      <Filter>Header Files</Filter>
    </ClInclude>
    <ClInclude Include="Submodule\EASTL\include\EASTL\core_allocator.h">
      <Filter>Header Files</Filter>
    </ClInclude>
    <ClInclude Include="Submodule\EASTL\include\EASTL\core_allocator_adapter.h">
      <Filter>Header Files</Filter>
    </ClInclude>
    <ClInclude Include="Submodule\EASTL\include\EASTL\deque.h">
      <Filter>Header Files</Filter>
    </ClInclude>
    <ClInclude Include="Submodule\EASTL\include\EASTL\fixed_allocator.h">
      <Filter>Header Files</Filter>
    </ClInclude>
    <ClInclude Include="Submodule\EASTL\include\EASTL\fixed_function.h">
      <Filter>Header Files</Filter>
    </ClInclude>
    <ClInclude Include="Submodule\EASTL\include\EASTL\fixed_hash_map.h">
      <Filter>Header Files</Filter>
    </ClInclude>
    <ClInclude Include="Submodule\EASTL\include\EASTL\fixed_hash_set.h">
      <Filter>Header Files</Filter>
    </ClInclude>
    <ClInclude Include="Submodule\EASTL\include\EASTL\fixed_list.h">
      <Filter>Header Files</Filter>
    </ClInclude>
    <ClInclude Include="Submodule\EASTL\include\EASTL\fixed_map.h">
      <Filter>Header Files</Filter>
    </ClInclude>
    <ClInclude Include="Submodule\EASTL\include\EASTL\fixed_set.h">
      <Filter>Header Files</Filter>
    </ClInclude>
    <ClInclude Include="Submodule\EASTL\include\EASTL\fixed_slist.h">
      <Filter>Header Files</Filter>
    </ClInclude>
    <ClInclude Include="Submodule\EASTL\include\EASTL\fixed_string.h">
      <Filter>Header Files</Filter>
    </ClInclude>
    <ClInclude Include="Submodule\EASTL\include\EASTL\fixed_substring.h">
      <Filter>Header Files</Filter>
    </ClInclude>
    <ClInclude Include="Submodule\EASTL\include\EASTL\fixed_vector.h">
      <Filter>Header Files</Filter>
    </ClInclude>
    <ClInclude Include="Submodule\EASTL\include\EASTL\functional.h">
      <Filter>Header Files</Filter>
    </ClInclude>
    <ClInclude Include="Submodule\EASTL\include\EASTL\hash_map.h">
      <Filter>Header Files</Filter>
    </ClInclude>
    <ClInclude Include="Submodule\EASTL\include\EASTL\hash_set.h">
      <Filter>Header Files</Filter>
    </ClInclude>
    <ClInclude Include="Submodule\EASTL\include\EASTL\heap.h">
      <Filter>Header Files</Filter>
    </ClInclude>
    <ClInclude Include="Submodule\EASTL\include\EASTL\initializer_list.h">
      <Filter>Header Files</Filter>
    </ClInclude>
    <ClInclude Include="Submodule\EASTL\include\EASTL\intrusive_hash_map.h">
      <Filter>Header Files</Filter>
    </ClInclude>
    <ClInclude Include="Submodule\EASTL\include\EASTL\intrusive_hash_set.h">
      <Filter>Header Files</Filter>
    </ClInclude>
    <ClInclude Include="Submodule\EASTL\include\EASTL\intrusive_list.h">
      <Filter>Header Files</Filter>
    </ClInclude>
    <ClInclude Include="Submodule\EASTL\include\EASTL\intrusive_ptr.h">
      <Filter>Header Files</Filter>
    </ClInclude>
    <ClInclude Include="Submodule\EASTL\include\EASTL\iterator.h">
      <Filter>Header Files</Filter>
    </ClInclude>
    <ClInclude Include="Submodule\EASTL\include\EASTL\linked_array.h">
      <Filter>Header Files</Filter>
    </ClInclude>
    <ClInclude Include="Submodule\EASTL\include\EASTL\linked_ptr.h">
      <Filter>Header Files</Filter>
    </ClInclude>
    <ClInclude Include="Submodule\EASTL\include\EASTL\list.h">
      <Filter>Header Files</Filter>
    </ClInclude>
    <ClInclude Include="Submodule\EASTL\include\EASTL\map.h">
      <Filter>Header Files</Filter>
    </ClInclude>
    <ClInclude Include="Submodule\EASTL\include\EASTL\memory.h">
      <Filter>Header Files</Filter>
    </ClInclude>
    <ClInclude Include="Submodule\EASTL\include\EASTL\meta.h">
      <Filter>Header Files</Filter>
    </ClInclude>
    <ClInclude Include="Submodule\EASTL\include\EASTL\numeric.h">
      <Filter>Header Files</Filter>
    </ClInclude>
    <ClInclude Include="Submodule\EASTL\include\EASTL\numeric_limits.h">
      <Filter>Header Files</Filter>
    </ClInclude>
    <ClInclude Include="Submodule\EASTL\include\EASTL\optional.h">
      <Filter>Header Files</Filter>
    </ClInclude>
    <ClInclude Include="Submodule\EASTL\include\EASTL\priority_queue.h">
      <Filter>Header Files</Filter>
    </ClInclude>
    <ClInclude Include="Submodule\EASTL\include\EASTL\queue.h">
      <Filter>Header Files</Filter>
    </ClInclude>
    <ClInclude Include="Submodule\EASTL\include\EASTL\random.h">
      <Filter>Header Files</Filter>
    </ClInclude>
    <ClInclude Include="Submodule\EASTL\include\EASTL\ratio.h">
      <Filter>Header Files</Filter>
    </ClInclude>
    <ClInclude Include="Submodule\EASTL\include\EASTL\safe_ptr.h">
      <Filter>Header Files</Filter>
    </ClInclude>
    <ClInclude Include="Submodule\EASTL\include\EASTL\scoped_array.h">
      <Filter>Header Files</Filter>
    </ClInclude>
    <ClInclude Include="Submodule\EASTL\include\EASTL\scoped_ptr.h">
      <Filter>Header Files</Filter>
    </ClInclude>
    <ClInclude Include="Submodule\EASTL\include\EASTL\segmented_vector.h">
      <Filter>Header Files</Filter>
    </ClInclude>
    <ClInclude Include="Submodule\EASTL\include\EASTL\set.h">
      <Filter>Header Files</Filter>
    </ClInclude>
    <ClInclude Include="Submodule\EASTL\include\EASTL\shared_array.h">
      <Filter>Header Files</Filter>
    </ClInclude>
    <ClInclude Include="Submodule\EASTL\include\EASTL\shared_ptr.h">
      <Filter>Header Files</Filter>
    </ClInclude>
    <ClInclude Include="Submodule\EASTL\include\EASTL\slist.h">
      <Filter>Header Files</Filter>
    </ClInclude>
    <ClInclude Include="Submodule\EASTL\include\EASTL\sort.h">
      <Filter>Header Files</Filter>
    </ClInclude>
    <ClInclude Include="Submodule\EASTL\include\EASTL\span.h">
      <Filter>Header Files</Filter>
    </ClInclude>
    <ClInclude Include="Submodule\EASTL\include\EASTL\stack.h">
      <Filter>Header Files</Filter>
    </ClInclude>
    <ClInclude Include="Submodule\EASTL\include\EASTL\string.h">
      <Filter>Header Files</Filter>
    </ClInclude>
    <ClInclude Include="Submodule\EASTL\include\EASTL\string_hash_map.h">
      <Filter>Header Files</Filter>
    </ClInclude>
    <ClInclude Include="Submodule\EASTL\include\EASTL\string_map.h">
      <Filter>Header Files</Filter>
    </ClInclude>
    <ClInclude Include="Submodule\EASTL\include\EASTL\string_view.h">
      <Filter>Header Files</Filter>
    </ClInclude>
    <ClInclude Include="Submodule\EASTL\include\EASTL\tuple.h">
      <Filter>Header Files</Filter>
    </ClInclude>
    <ClInclude Include="Submodule\EASTL\include\EASTL\type_traits.h">
      <Filter>Header Files</Filter>
    </ClInclude>
    <ClInclude Include="Submodule\EASTL\include\EASTL\unique_ptr.h">
      <Filter>Header Files</Filter>
    </ClInclude>
    <ClInclude Include="Submodule\EASTL\include\EASTL\unordered_map.h">
      <Filter>Header Files</Filter>
    </ClInclude>
    <ClInclude Include="Submodule\EASTL\include\EASTL\unordered_set.h">
      <Filter>Header Files</Filter>
    </ClInclude>
    <ClInclude Include="Submodule\EASTL\include\EASTL\utility.h">
      <Filter>Header Files</Filter>
    </ClInclude>
    <ClInclude Include="Submodule\EASTL\include\EASTL\variant.h">
      <Filter>Header Files</Filter>
    </ClInclude>
    <ClInclude Include="Submodule\EASTL\include\EASTL\vector.h">
      <Filter>Header Files</Filter>
    </ClInclude>
    <ClInclude Include="Submodule\EASTL\include\EASTL\vector_map.h">
      <Filter>Header Files</Filter>
    </ClInclude>
    <ClInclude Include="Submodule\EASTL\include\EASTL\vector_multimap.h">
      <Filter>Header Files</Filter>
    </ClInclude>
    <ClInclude Include="Submodule\EASTL\include\EASTL\vector_multiset.h">
      <Filter>Header Files</Filter>
    </ClInclude>
    <ClInclude Include="Submodule\EASTL\include\EASTL\vector_set.h">
      <Filter>Header Files</Filter>
    </ClInclude>
    <ClInclude Include="Submodule\EASTL\include\EASTL\version.h">
      <Filter>Header Files</Filter>
    </ClInclude>
    <ClInclude Include="Submodule\EASTL\include\EASTL\weak_ptr.h">
      <Filter>Header Files</Filter>
    </ClInclude>
    <ClInclude Include="Submodule\Assimp\include\assimp\config.h">
      <Filter>Header Files</Filter>
    </ClInclude>
    <ClInclude Include="Utility\Operators.h">
      <Filter>Header Files</Filter>
    </ClInclude>
    <ClInclude Include="DirectX\Objects\Drawable.h">
      <Filter>Header Files</Filter>
    </ClInclude>
    <ClInclude Include="Submodule\Assimp\code\Importer\IFC\IFCLoader.h">
      <Filter>Header Files</Filter>
    </ClInclude>
    <ClInclude Include="Submodule\Assimp\code\Importer\IFC\IFCReaderGen_2x3.h">
      <Filter>Header Files</Filter>
    </ClInclude>
    <ClInclude Include="Submodule\Assimp\code\Importer\IFC\IFCReaderGen_4.h">
      <Filter>Header Files</Filter>
    </ClInclude>
    <ClInclude Include="Submodule\Assimp\code\Importer\IFC\IFCUtil.h">
      <Filter>Header Files</Filter>
    </ClInclude>
    <ClInclude Include="Submodule\Assimp\code\Importer\StepFile\StepFileImporter.h">
      <Filter>Header Files</Filter>
    </ClInclude>
    <ClInclude Include="Submodule\Assimp\code\Importer\StepFile\StepReaderGen.h">
      <Filter>Header Files</Filter>
    </ClInclude>
    <ClInclude Include="Submodule\Assimp\code\Importer\STEPParser\STEPFileEncoding.h">
      <Filter>Header Files</Filter>
    </ClInclude>
    <ClInclude Include="Submodule\Assimp\code\Importer\STEPParser\STEPFileReader.h">
      <Filter>Header Files</Filter>
    </ClInclude>
    <ClInclude Include="Submodule\Assimp\code\res\resource.h">
      <Filter>Header Files</Filter>
    </ClInclude>
    <ClInclude Include="Submodule\Assimp\code\3DSExporter.h">
      <Filter>Header Files</Filter>
    </ClInclude>
    <ClInclude Include="Submodule\Assimp\code\3DSHelper.h">
      <Filter>Header Files</Filter>
    </ClInclude>
    <ClInclude Include="Submodule\Assimp\code\3DSLoader.h">
      <Filter>Header Files</Filter>
    </ClInclude>
    <ClInclude Include="Submodule\Assimp\code\3MFXmlTags.h">
      <Filter>Header Files</Filter>
    </ClInclude>
    <ClInclude Include="Submodule\Assimp\code\ACLoader.h">
      <Filter>Header Files</Filter>
    </ClInclude>
    <ClInclude Include="Submodule\Assimp\code\AMFImporter.hpp">
      <Filter>Header Files</Filter>
    </ClInclude>
    <ClInclude Include="Submodule\Assimp\code\AMFImporter_Macro.hpp">
      <Filter>Header Files</Filter>
    </ClInclude>
    <ClInclude Include="Submodule\Assimp\code\AMFImporter_Node.hpp">
      <Filter>Header Files</Filter>
    </ClInclude>
    <ClInclude Include="Submodule\Assimp\code\ASELoader.h">
      <Filter>Header Files</Filter>
    </ClInclude>
    <ClInclude Include="Submodule\Assimp\code\ASEParser.h">
      <Filter>Header Files</Filter>
    </ClInclude>
    <ClInclude Include="Submodule\Assimp\code\assbin_chunks.h">
      <Filter>Header Files</Filter>
    </ClInclude>
    <ClInclude Include="Submodule\Assimp\code\AssbinExporter.h">
      <Filter>Header Files</Filter>
    </ClInclude>
    <ClInclude Include="Submodule\Assimp\code\AssbinLoader.h">
      <Filter>Header Files</Filter>
    </ClInclude>
    <ClInclude Include="Submodule\Assimp\code\AssxmlExporter.h">
      <Filter>Header Files</Filter>
    </ClInclude>
    <ClInclude Include="Submodule\Assimp\code\B3DImporter.h">
      <Filter>Header Files</Filter>
    </ClInclude>
    <ClInclude Include="Submodule\Assimp\code\BaseProcess.h">
      <Filter>Header Files</Filter>
    </ClInclude>
    <ClInclude Include="Submodule\Assimp\code\BlenderBMesh.h">
      <Filter>Header Files</Filter>
    </ClInclude>
    <ClInclude Include="Submodule\Assimp\code\BlenderCustomData.h">
      <Filter>Header Files</Filter>
    </ClInclude>
    <ClInclude Include="Submodule\Assimp\code\BlenderDNA.h">
      <Filter>Header Files</Filter>
    </ClInclude>
    <ClInclude Include="Submodule\Assimp\code\BlenderIntermediate.h">
      <Filter>Header Files</Filter>
    </ClInclude>
    <ClInclude Include="Submodule\Assimp\code\BlenderLoader.h">
      <Filter>Header Files</Filter>
    </ClInclude>
    <ClInclude Include="Submodule\Assimp\code\BlenderModifier.h">
      <Filter>Header Files</Filter>
    </ClInclude>
    <ClInclude Include="Submodule\Assimp\code\BlenderScene.h">
      <Filter>Header Files</Filter>
    </ClInclude>
    <ClInclude Include="Submodule\Assimp\code\BlenderSceneGen.h">
      <Filter>Header Files</Filter>
    </ClInclude>
    <ClInclude Include="Submodule\Assimp\code\BlenderTessellator.h">
      <Filter>Header Files</Filter>
    </ClInclude>
    <ClInclude Include="Submodule\Assimp\code\BVHLoader.h">
      <Filter>Header Files</Filter>
    </ClInclude>
    <ClInclude Include="Submodule\Assimp\code\C4DImporter.h">
      <Filter>Header Files</Filter>
    </ClInclude>
    <ClInclude Include="Submodule\Assimp\code\CalcTangentsProcess.h">
      <Filter>Header Files</Filter>
    </ClInclude>
    <ClInclude Include="Submodule\Assimp\code\CInterfaceIOWrapper.h">
      <Filter>Header Files</Filter>
    </ClInclude>
    <ClInclude Include="Submodule\Assimp\code\COBLoader.h">
      <Filter>Header Files</Filter>
    </ClInclude>
    <ClInclude Include="Submodule\Assimp\code\COBScene.h">
      <Filter>Header Files</Filter>
    </ClInclude>
    <ClInclude Include="Submodule\Assimp\code\ColladaExporter.h">
      <Filter>Header Files</Filter>
    </ClInclude>
    <ClInclude Include="Submodule\Assimp\code\ColladaHelper.h">
      <Filter>Header Files</Filter>
    </ClInclude>
    <ClInclude Include="Submodule\Assimp\code\ColladaLoader.h">
      <Filter>Header Files</Filter>
    </ClInclude>
    <ClInclude Include="Submodule\Assimp\code\ColladaParser.h">
      <Filter>Header Files</Filter>
    </ClInclude>
    <ClInclude Include="Submodule\Assimp\code\ComputeUVMappingProcess.h">
      <Filter>Header Files</Filter>
    </ClInclude>
    <ClInclude Include="Submodule\Assimp\code\ConvertToLHProcess.h">
      <Filter>Header Files</Filter>
    </ClInclude>
    <ClInclude Include="Submodule\Assimp\code\CSMLoader.h">
      <Filter>Header Files</Filter>
    </ClInclude>
    <ClInclude Include="Submodule\Assimp\code\D3MFExporter.h">
      <Filter>Header Files</Filter>
    </ClInclude>
    <ClInclude Include="Submodule\Assimp\code\D3MFImporter.h">
      <Filter>Header Files</Filter>
    </ClInclude>
    <ClInclude Include="Submodule\Assimp\code\D3MFOpcPackage.h">
      <Filter>Header Files</Filter>
    </ClInclude>
    <ClInclude Include="Submodule\Assimp\code\DeboneProcess.h">
      <Filter>Header Files</Filter>
    </ClInclude>
    <ClInclude Include="Submodule\Assimp\code\DefaultProgressHandler.h">
      <Filter>Header Files</Filter>
    </ClInclude>
    <ClInclude Include="Submodule\Assimp\code\DropFaceNormalsProcess.h">
      <Filter>Header Files</Filter>
    </ClInclude>
    <ClInclude Include="Submodule\Assimp\code\DXFHelper.h">
      <Filter>Header Files</Filter>
    </ClInclude>
    <ClInclude Include="Submodule\Assimp\code\DXFLoader.h">
      <Filter>Header Files</Filter>
    </ClInclude>
    <ClInclude Include="Submodule\Assimp\code\EmbedTexturesProcess.h">
      <Filter>Header Files</Filter>
    </ClInclude>
    <ClInclude Include="Submodule\Assimp\code\FBXCommon.h">
      <Filter>Header Files</Filter>
    </ClInclude>
    <ClInclude Include="Submodule\Assimp\code\FBXCompileConfig.h">
      <Filter>Header Files</Filter>
    </ClInclude>
    <ClInclude Include="Submodule\Assimp\code\FBXConverter.h">
      <Filter>Header Files</Filter>
    </ClInclude>
    <ClInclude Include="Submodule\Assimp\code\FBXDocument.h">
      <Filter>Header Files</Filter>
    </ClInclude>
    <ClInclude Include="Submodule\Assimp\code\FBXDocumentUtil.h">
      <Filter>Header Files</Filter>
    </ClInclude>
    <ClInclude Include="Submodule\Assimp\code\FBXExporter.h">
      <Filter>Header Files</Filter>
    </ClInclude>
    <ClInclude Include="Submodule\Assimp\code\FBXExportNode.h">
      <Filter>Header Files</Filter>
    </ClInclude>
    <ClInclude Include="Submodule\Assimp\code\FBXExportProperty.h">
      <Filter>Header Files</Filter>
    </ClInclude>
    <ClInclude Include="Submodule\Assimp\code\FBXImporter.h">
      <Filter>Header Files</Filter>
    </ClInclude>
    <ClInclude Include="Submodule\Assimp\code\FBXImportSettings.h">
      <Filter>Header Files</Filter>
    </ClInclude>
    <ClInclude Include="Submodule\Assimp\code\FBXMeshGeometry.h">
      <Filter>Header Files</Filter>
    </ClInclude>
    <ClInclude Include="Submodule\Assimp\code\FBXParser.h">
      <Filter>Header Files</Filter>
    </ClInclude>
    <ClInclude Include="Submodule\Assimp\code\FBXProperties.h">
      <Filter>Header Files</Filter>
    </ClInclude>
    <ClInclude Include="Submodule\Assimp\code\FBXTokenizer.h">
      <Filter>Header Files</Filter>
    </ClInclude>
    <ClInclude Include="Submodule\Assimp\code\FBXUtil.h">
      <Filter>Header Files</Filter>
    </ClInclude>
    <ClInclude Include="Submodule\Assimp\code\FileLogStream.h">
      <Filter>Header Files</Filter>
    </ClInclude>
    <ClInclude Include="Submodule\Assimp\code\FileSystemFilter.h">
      <Filter>Header Files</Filter>
    </ClInclude>
    <ClInclude Include="Submodule\Assimp\code\FindDegenerates.h">
      <Filter>Header Files</Filter>
    </ClInclude>
    <ClInclude Include="Submodule\Assimp\code\FindInstancesProcess.h">
      <Filter>Header Files</Filter>
    </ClInclude>
    <ClInclude Include="Submodule\Assimp\code\FindInvalidDataProcess.h">
      <Filter>Header Files</Filter>
    </ClInclude>
    <ClInclude Include="Submodule\Assimp\code\FIReader.hpp">
      <Filter>Header Files</Filter>
    </ClInclude>
    <ClInclude Include="Submodule\Assimp\code\FixNormalsStep.h">
      <Filter>Header Files</Filter>
    </ClInclude>
    <ClInclude Include="Submodule\Assimp\code\GenFaceNormalsProcess.h">
      <Filter>Header Files</Filter>
    </ClInclude>
    <ClInclude Include="Submodule\Assimp\code\GenVertexNormalsProcess.h">
      <Filter>Header Files</Filter>
    </ClInclude>
    <ClInclude Include="Submodule\Assimp\code\glTF2Asset.h">
      <Filter>Header Files</Filter>
    </ClInclude>
    <ClInclude Include="Submodule\Assimp\code\glTF2AssetWriter.h">
      <Filter>Header Files</Filter>
    </ClInclude>
    <ClInclude Include="Submodule\Assimp\code\glTF2Exporter.h">
      <Filter>Header Files</Filter>
    </ClInclude>
    <ClInclude Include="Submodule\Assimp\code\glTF2Importer.h">
      <Filter>Header Files</Filter>
    </ClInclude>
    <ClInclude Include="Submodule\Assimp\code\glTFAsset.h">
      <Filter>Header Files</Filter>
    </ClInclude>
    <ClInclude Include="Submodule\Assimp\code\glTFAssetWriter.h">
      <Filter>Header Files</Filter>
    </ClInclude>
    <ClInclude Include="Submodule\Assimp\code\glTFExporter.h">
      <Filter>Header Files</Filter>
    </ClInclude>
    <ClInclude Include="Submodule\Assimp\code\glTFImporter.h">
      <Filter>Header Files</Filter>
    </ClInclude>
    <ClInclude Include="Submodule\Assimp\code\HalfLifeFileData.h">
      <Filter>Header Files</Filter>
    </ClInclude>
    <ClInclude Include="Submodule\Assimp\code\HMPFileData.h">
      <Filter>Header Files</Filter>
    </ClInclude>
    <ClInclude Include="Submodule\Assimp\code\HMPLoader.h">
      <Filter>Header Files</Filter>
    </ClInclude>
    <ClInclude Include="Submodule\Assimp\code\IFF.h">
      <Filter>Header Files</Filter>
    </ClInclude>
    <ClInclude Include="Submodule\Assimp\code\Importer.h">
      <Filter>Header Files</Filter>
    </ClInclude>
    <ClInclude Include="Submodule\Assimp\code\ImproveCacheLocality.h">
      <Filter>Header Files</Filter>
    </ClInclude>
    <ClInclude Include="Submodule\Assimp\code\IRRLoader.h">
      <Filter>Header Files</Filter>
    </ClInclude>
    <ClInclude Include="Submodule\Assimp\code\IRRMeshLoader.h">
      <Filter>Header Files</Filter>
    </ClInclude>
    <ClInclude Include="Submodule\Assimp\code\IRRShared.h">
      <Filter>Header Files</Filter>
    </ClInclude>
    <ClInclude Include="Submodule\Assimp\code\JoinVerticesProcess.h">
      <Filter>Header Files</Filter>
    </ClInclude>
    <ClInclude Include="Submodule\Assimp\code\LimitBoneWeightsProcess.h">
      <Filter>Header Files</Filter>
    </ClInclude>
    <ClInclude Include="Submodule\Assimp\code\LWOAnimation.h">
      <Filter>Header Files</Filter>
    </ClInclude>
    <ClInclude Include="Submodule\Assimp\code\LWOFileData.h">
      <Filter>Header Files</Filter>
    </ClInclude>
    <ClInclude Include="Submodule\Assimp\code\LWOLoader.h">
      <Filter>Header Files</Filter>
    </ClInclude>
    <ClInclude Include="Submodule\Assimp\code\LWSLoader.h">
      <Filter>Header Files</Filter>
    </ClInclude>
    <ClInclude Include="Submodule\Assimp\code\MakeVerboseFormat.h">
      <Filter>Header Files</Filter>
    </ClInclude>
    <ClInclude Include="Submodule\Assimp\code\MaterialSystem.h">
      <Filter>Header Files</Filter>
    </ClInclude>
    <ClInclude Include="Submodule\Assimp\code\MD2FileData.h">
      <Filter>Header Files</Filter>
    </ClInclude>
    <ClInclude Include="Submodule\Assimp\code\MD2Loader.h">
      <Filter>Header Files</Filter>
    </ClInclude>
    <ClInclude Include="Submodule\Assimp\code\MD2NormalTable.h">
      <Filter>Header Files</Filter>
    </ClInclude>
    <ClInclude Include="Submodule\Assimp\code\MD3FileData.h">
      <Filter>Header Files</Filter>
    </ClInclude>
    <ClInclude Include="Submodule\Assimp\code\MD3Loader.h">
      <Filter>Header Files</Filter>
    </ClInclude>
    <ClInclude Include="Submodule\Assimp\code\MD4FileData.h">
      <Filter>Header Files</Filter>
    </ClInclude>
    <ClInclude Include="Submodule\Assimp\code\MD5Loader.h">
      <Filter>Header Files</Filter>
    </ClInclude>
    <ClInclude Include="Submodule\Assimp\code\MD5Parser.h">
      <Filter>Header Files</Filter>
    </ClInclude>
    <ClInclude Include="Submodule\Assimp\code\MDCFileData.h">
      <Filter>Header Files</Filter>
    </ClInclude>
    <ClInclude Include="Submodule\Assimp\code\MDCLoader.h">
      <Filter>Header Files</Filter>
    </ClInclude>
    <ClInclude Include="Submodule\Assimp\code\MDCNormalTable.h">
      <Filter>Header Files</Filter>
    </ClInclude>
    <ClInclude Include="Submodule\Assimp\code\MDLDefaultColorMap.h">
      <Filter>Header Files</Filter>
    </ClInclude>
    <ClInclude Include="Submodule\Assimp\code\MDLFileData.h">
      <Filter>Header Files</Filter>
    </ClInclude>
    <ClInclude Include="Submodule\Assimp\code\MDLLoader.h">
      <Filter>Header Files</Filter>
    </ClInclude>
    <ClInclude Include="Submodule\Assimp\code\MMDCpp14.h">
      <Filter>Header Files</Filter>
    </ClInclude>
    <ClInclude Include="Submodule\Assimp\code\MMDImporter.h">
      <Filter>Header Files</Filter>
    </ClInclude>
    <ClInclude Include="Submodule\Assimp\code\MMDPmdParser.h">
      <Filter>Header Files</Filter>
    </ClInclude>
    <ClInclude Include="Submodule\Assimp\code\MMDPmxParser.h">
      <Filter>Header Files</Filter>
    </ClInclude>
    <ClInclude Include="Submodule\Assimp\code\MMDVmdParser.h">
      <Filter>Header Files</Filter>
    </ClInclude>
    <ClInclude Include="Submodule\Assimp\code\MS3DLoader.h">
      <Filter>Header Files</Filter>
    </ClInclude>
    <ClInclude Include="Submodule\Assimp\code\NDOLoader.h">
      <Filter>Header Files</Filter>
    </ClInclude>
    <ClInclude Include="Submodule\Assimp\code\NFFLoader.h">
      <Filter>Header Files</Filter>
    </ClInclude>
    <ClInclude Include="Submodule\Assimp\code\ObjExporter.h">
      <Filter>Header Files</Filter>
    </ClInclude>
    <ClInclude Include="Submodule\Assimp\code\ObjFileData.h">
      <Filter>Header Files</Filter>
    </ClInclude>
    <ClInclude Include="Submodule\Assimp\code\ObjFileImporter.h">
      <Filter>Header Files</Filter>
    </ClInclude>
    <ClInclude Include="Submodule\Assimp\code\ObjFileMtlImporter.h">
      <Filter>Header Files</Filter>
    </ClInclude>
    <ClInclude Include="Submodule\Assimp\code\ObjFileParser.h">
      <Filter>Header Files</Filter>
    </ClInclude>
    <ClInclude Include="Submodule\Assimp\code\ObjTools.h">
      <Filter>Header Files</Filter>
    </ClInclude>
    <ClInclude Include="Submodule\Assimp\code\OFFLoader.h">
      <Filter>Header Files</Filter>
    </ClInclude>
    <ClInclude Include="Submodule\Assimp\code\OgreBinarySerializer.h">
      <Filter>Header Files</Filter>
    </ClInclude>
    <ClInclude Include="Submodule\Assimp\code\OgreImporter.h">
      <Filter>Header Files</Filter>
    </ClInclude>
    <ClInclude Include="Submodule\Assimp\code\OgreParsingUtils.h">
      <Filter>Header Files</Filter>
    </ClInclude>
    <ClInclude Include="Submodule\Assimp\code\OgreStructs.h">
      <Filter>Header Files</Filter>
    </ClInclude>
    <ClInclude Include="Submodule\Assimp\code\OgreXmlSerializer.h">
      <Filter>Header Files</Filter>
    </ClInclude>
    <ClInclude Include="Submodule\Assimp\code\OpenGEXExporter.h">
      <Filter>Header Files</Filter>
    </ClInclude>
    <ClInclude Include="Submodule\Assimp\code\OpenGEXImporter.h">
      <Filter>Header Files</Filter>
    </ClInclude>
    <ClInclude Include="Submodule\Assimp\code\OpenGEXStructs.h">
      <Filter>Header Files</Filter>
    </ClInclude>
    <ClInclude Include="Submodule\Assimp\code\OptimizeGraph.h">
      <Filter>Header Files</Filter>
    </ClInclude>
    <ClInclude Include="Submodule\Assimp\code\OptimizeMeshes.h">
      <Filter>Header Files</Filter>
    </ClInclude>
    <ClInclude Include="Submodule\Assimp\code\PlyExporter.h">
      <Filter>Header Files</Filter>
    </ClInclude>
    <ClInclude Include="Submodule\Assimp\code\PlyLoader.h">
      <Filter>Header Files</Filter>
    </ClInclude>
    <ClInclude Include="Submodule\Assimp\code\PlyParser.h">
      <Filter>Header Files</Filter>
    </ClInclude>
    <ClInclude Include="Submodule\Assimp\code\PolyTools.h">
      <Filter>Header Files</Filter>
    </ClInclude>
    <ClInclude Include="Submodule\Assimp\code\PretransformVertices.h">
      <Filter>Header Files</Filter>
    </ClInclude>
    <ClInclude Include="Submodule\Assimp\code\ProcessHelper.h">
      <Filter>Header Files</Filter>
    </ClInclude>
    <ClInclude Include="Submodule\Assimp\code\Q3BSPFileData.h">
      <Filter>Header Files</Filter>
    </ClInclude>
    <ClInclude Include="Submodule\Assimp\code\Q3BSPFileImporter.h">
      <Filter>Header Files</Filter>
    </ClInclude>
    <ClInclude Include="Submodule\Assimp\code\Q3BSPFileParser.h">
      <Filter>Header Files</Filter>
    </ClInclude>
    <ClInclude Include="Submodule\Assimp\code\Q3BSPZipArchive.h">
      <Filter>Header Files</Filter>
    </ClInclude>
    <ClInclude Include="Submodule\Assimp\code\Q3DLoader.h">
      <Filter>Header Files</Filter>
    </ClInclude>
    <ClInclude Include="Submodule\Assimp\code\RawLoader.h">
      <Filter>Header Files</Filter>
    </ClInclude>
    <ClInclude Include="Submodule\Assimp\code\RemoveRedundantMaterials.h">
      <Filter>Header Files</Filter>
    </ClInclude>
    <ClInclude Include="Submodule\Assimp\code\RemoveVCProcess.h">
      <Filter>Header Files</Filter>
    </ClInclude>
    <ClInclude Include="Submodule\Assimp\code\ScaleProcess.h">
      <Filter>Header Files</Filter>
    </ClInclude>
    <ClInclude Include="Submodule\Assimp\code\ScenePreprocessor.h">
      <Filter>Header Files</Filter>
    </ClInclude>
    <ClInclude Include="Submodule\Assimp\code\ScenePrivate.h">
      <Filter>Header Files</Filter>
    </ClInclude>
    <ClInclude Include="Submodule\Assimp\code\SIBImporter.h">
      <Filter>Header Files</Filter>
    </ClInclude>
    <ClInclude Include="Submodule\Assimp\code\simd.h">
      <Filter>Header Files</Filter>
    </ClInclude>
    <ClInclude Include="Submodule\Assimp\code\SMDLoader.h">
      <Filter>Header Files</Filter>
    </ClInclude>
    <ClInclude Include="Submodule\Assimp\code\SortByPTypeProcess.h">
      <Filter>Header Files</Filter>
    </ClInclude>
    <ClInclude Include="Submodule\Assimp\code\SplitByBoneCountProcess.h">
      <Filter>Header Files</Filter>
    </ClInclude>
    <ClInclude Include="Submodule\Assimp\code\SplitLargeMeshes.h">
      <Filter>Header Files</Filter>
    </ClInclude>
    <ClInclude Include="Submodule\Assimp\code\StdOStreamLogStream.h">
      <Filter>Header Files</Filter>
    </ClInclude>
    <ClInclude Include="Submodule\Assimp\code\StepExporter.h">
      <Filter>Header Files</Filter>
    </ClInclude>
    <ClInclude Include="Submodule\Assimp\code\STEPFile.h">
      <Filter>Header Files</Filter>
    </ClInclude>
    <ClInclude Include="Submodule\Assimp\code\STLExporter.h">
      <Filter>Header Files</Filter>
    </ClInclude>
    <ClInclude Include="Submodule\Assimp\code\STLLoader.h">
      <Filter>Header Files</Filter>
    </ClInclude>
    <ClInclude Include="Submodule\Assimp\code\TargetAnimation.h">
      <Filter>Header Files</Filter>
    </ClInclude>
    <ClInclude Include="Submodule\Assimp\code\TerragenLoader.h">
      <Filter>Header Files</Filter>
    </ClInclude>
    <ClInclude Include="Submodule\Assimp\code\TextureTransform.h">
      <Filter>Header Files</Filter>
    </ClInclude>
    <ClInclude Include="Submodule\Assimp\code\TriangulateProcess.h">
      <Filter>Header Files</Filter>
    </ClInclude>
    <ClInclude Include="Submodule\Assimp\code\UnrealLoader.h">
      <Filter>Header Files</Filter>
    </ClInclude>
    <ClInclude Include="Submodule\Assimp\code\ValidateDataStructure.h">
      <Filter>Header Files</Filter>
    </ClInclude>
    <ClInclude Include="Submodule\Assimp\code\VertexTriangleAdjacency.h">
      <Filter>Header Files</Filter>
    </ClInclude>
    <ClInclude Include="Submodule\Assimp\code\Win32DebugLogStream.h">
      <Filter>Header Files</Filter>
    </ClInclude>
    <ClInclude Include="Submodule\Assimp\code\X3DExporter.hpp">
      <Filter>Header Files</Filter>
    </ClInclude>
    <ClInclude Include="Submodule\Assimp\code\X3DImporter.hpp">
      <Filter>Header Files</Filter>
    </ClInclude>
    <ClInclude Include="Submodule\Assimp\code\X3DImporter_Macro.hpp">
      <Filter>Header Files</Filter>
    </ClInclude>
    <ClInclude Include="Submodule\Assimp\code\X3DImporter_Node.hpp">
      <Filter>Header Files</Filter>
    </ClInclude>
    <ClInclude Include="Submodule\Assimp\code\XFileExporter.h">
      <Filter>Header Files</Filter>
    </ClInclude>
    <ClInclude Include="Submodule\Assimp\code\XFileHelper.h">
      <Filter>Header Files</Filter>
    </ClInclude>
    <ClInclude Include="Submodule\Assimp\code\XFileImporter.h">
      <Filter>Header Files</Filter>
    </ClInclude>
    <ClInclude Include="Submodule\Assimp\code\XFileParser.h">
      <Filter>Header Files</Filter>
    </ClInclude>
    <ClInclude Include="Submodule\Assimp\code\XGLLoader.h">
      <Filter>Header Files</Filter>
    </ClInclude>
  </ItemGroup>
  <ItemGroup>
    <FxCompile Include="DirectX\Shaders\GeometryPass\DefaultGeometryVertex.hlsl" />
    <FxCompile Include="DirectX\Shaders\GeometryPass\DefaultGeometryPixel.hlsl" />
  </ItemGroup>
  <ItemGroup>
    <None Include="Submodule\Assimp\include\assimp\color4.inl">
      <Filter>Header Files</Filter>
    </None>
    <None Include="Submodule\Assimp\include\assimp\material.inl">
      <Filter>Header Files</Filter>
    </None>
    <None Include="Submodule\Assimp\include\assimp\matrix3x3.inl">
      <Filter>Header Files</Filter>
    </None>
    <None Include="Submodule\Assimp\include\assimp\matrix4x4.inl">
      <Filter>Header Files</Filter>
    </None>
    <None Include="Submodule\Assimp\include\assimp\quaternion.inl">
      <Filter>Header Files</Filter>
    </None>
    <None Include="Submodule\Assimp\include\assimp\SmoothingGroups.inl">
      <Filter>Header Files</Filter>
    </None>
    <None Include="Submodule\Assimp\include\assimp\vector2.inl">
      <Filter>Header Files</Filter>
    </None>
    <None Include="Submodule\Assimp\include\assimp\vector3.inl">
      <Filter>Header Files</Filter>
    </None>
    <None Include="Submodule\EASTL\doc\EASTL Benchmarks.html" />
    <None Include="Submodule\EASTL\doc\EASTL Best Practices.html" />
    <None Include="Submodule\EASTL\doc\EASTL Design.html" />
    <None Include="Submodule\EASTL\doc\EASTL FAQ.html" />
    <None Include="Submodule\EASTL\doc\EASTL Glossary.html" />
    <None Include="Submodule\EASTL\doc\EASTL Gotchas.html" />
    <None Include="Submodule\EASTL\doc\EASTL Introduction.html" />
    <None Include="Submodule\EASTL\doc\EASTL Maintenance.html" />
    <None Include="Submodule\EASTL\doc\EASTL Modules.html" />
    <None Include="Submodule\Assimp\code\BlenderDNA.inl">
      <Filter>Header Files</Filter>
    </None>
    <None Include="Submodule\Assimp\code\glTF2Asset.inl">
      <Filter>Header Files</Filter>
    </None>
    <None Include="Submodule\Assimp\code\glTF2AssetWriter.inl">
      <Filter>Header Files</Filter>
    </None>
    <None Include="Submodule\Assimp\code\glTFAsset.inl">
      <Filter>Header Files</Filter>
    </None>
    <None Include="Submodule\Assimp\code\glTFAssetWriter.inl">
      <Filter>Header Files</Filter>
    </None>
  </ItemGroup>
  <ItemGroup>
    <ResourceCompile Include="Submodule\Assimp\code\res\assimp.rc">
      <Filter>Resource Files</Filter>
    </ResourceCompile>
  </ItemGroup>
</Project>